PODS:
  - GooglePlaces (6.0.0)
  - SwiftConfettiView (0.1.0)

DEPENDENCIES:
  - GooglePlaces (= 6.0.0)
  - SwiftConfettiView

SPEC REPOS:
  https://github.com/CocoaPods/Specs.git:
    - GooglePlaces
    - SwiftConfettiView

SPEC CHECKSUMS:
  GooglePlaces: c97d96ae68594acb64035c9ca9f26fbfc1d23af1
  SwiftConfettiView: 1bdbc2e6913b6b1c76d8070802b212508ad5c352

PODFILE CHECKSUM: 71d1d968d36423621e6d04bf8f6b12c4c83914ac

COCOAPODS: 1.11.2
