// !$*UTF8*$!
{
	archiveVersion = 1;
	classes = {
	};
	objectVersion = 55;
	objects = {

/* Begin PBXBuildFile section */
		4AF3A9ACC381CCC1E539E5A0 /* Pods_Helpy.framework in Frameworks */ = {isa = PBXBuildFile; fileRef = 077BDCE2C1522547ED83CCA0 /* Pods_Helpy.framework */; };
		5703EF1327D5183000541577 /* UIView+addGradientOnButtonTop.swift in Sources */ = {isa = PBXBuildFile; fileRef = 5703EF1227D5183000541577 /* UIView+addGradientOnButtonTop.swift */; };
		5703EF1827D52A6900541577 /* MessageKit in Frameworks */ = {isa = PBXBuildFile; productRef = 5703EF1727D52A6900541577 /* MessageKit */; };
		5703EF1A27D52BD500541577 /* ConversationsViewController.swift in Sources */ = {isa = PBXBuildFile; fileRef = 5703EF1927D52BD500541577 /* ConversationsViewController.swift */; };
		5703EF1D27D52EC700541577 /* JGProgressHUD in Frameworks */ = {isa = PBXBuildFile; productRef = 5703EF1C27D52EC700541577 /* JGProgressHUD */; };
		570FCAA227BB185A00404003 /* NewPostDescriptionViewController.swift in Sources */ = {isa = PBXBuildFile; fileRef = 570FCAA127BB185A00404003 /* NewPostDescriptionViewController.swift */; };
		5736C92E27BD29FB00970DE9 /* UITextField+resignFirstResponser.swift in Sources */ = {isa = PBXBuildFile; fileRef = 5736C92D27BD29FB00970DE9 /* UITextField+resignFirstResponser.swift */; };
		5736C93027BD2C5B00970DE9 /* UIView+hideKeyboardOnTap.swift in Sources */ = {isa = PBXBuildFile; fileRef = 5736C92F27BD2C5B00970DE9 /* UIView+hideKeyboardOnTap.swift */; };
		5736C93227BDA1B200970DE9 /* ProHomepageViewController.swift in Sources */ = {isa = PBXBuildFile; fileRef = 5736C93127BDA1B200970DE9 /* ProHomepageViewController.swift */; };
		5736C93427BDA57200970DE9 /* ProTapBarViewController.swift in Sources */ = {isa = PBXBuildFile; fileRef = 5736C93327BDA57200970DE9 /* ProTapBarViewController.swift */; };
		5736C93627BDA5E700970DE9 /* ProSettingsViewController.swift in Sources */ = {isa = PBXBuildFile; fileRef = 5736C93527BDA5E700970DE9 /* ProSettingsViewController.swift */; };
		57439B3127BA92A5003C12E3 /* Post.swift in Sources */ = {isa = PBXBuildFile; fileRef = 57439B3027BA92A5003C12E3 /* Post.swift */; };
		57439B3427BA950C003C12E3 /* PostCollectionViewCell.swift in Sources */ = {isa = PBXBuildFile; fileRef = 57439B3227BA950C003C12E3 /* PostCollectionViewCell.swift */; };
		57439B3527BA950C003C12E3 /* PostCollectionViewCell.xib in Resources */ = {isa = PBXBuildFile; fileRef = 57439B3327BA950C003C12E3 /* PostCollectionViewCell.xib */; };
		57439B3827BB0B45003C12E3 /* NewPostTitleViewController.swift in Sources */ = {isa = PBXBuildFile; fileRef = 57439B3727BB0B45003C12E3 /* NewPostTitleViewController.swift */; };
		57458DFA27D2C11600D51356 /* UIView+addSeparator.swift in Sources */ = {isa = PBXBuildFile; fileRef = 57458DF927D2C11600D51356 /* UIView+addSeparator.swift */; };
		5753697027B9AA16000E93F0 /* SearchAddressViewController.swift in Sources */ = {isa = PBXBuildFile; fileRef = 5753696F27B9AA16000E93F0 /* SearchAddressViewController.swift */; };
		5755BE7927CC24F00007F86A /* FirebaseAppCheck in Frameworks */ = {isa = PBXBuildFile; productRef = 5755BE7827CC24F00007F86A /* FirebaseAppCheck */; };
		5755BE7B27CC24F00007F86A /* FirebaseAuth in Frameworks */ = {isa = PBXBuildFile; productRef = 5755BE7A27CC24F00007F86A /* FirebaseAuth */; };
		5755BE7D27CC24F00007F86A /* FirebaseDatabase in Frameworks */ = {isa = PBXBuildFile; productRef = 5755BE7C27CC24F00007F86A /* FirebaseDatabase */; };
		5755BE7F27CC24F00007F86A /* FirebaseFirestore in Frameworks */ = {isa = PBXBuildFile; productRef = 5755BE7E27CC24F00007F86A /* FirebaseFirestore */; };
		5755BE8127CC24F00007F86A /* FirebaseStorage in Frameworks */ = {isa = PBXBuildFile; productRef = 5755BE8027CC24F00007F86A /* FirebaseStorage */; };
		5759673327BEA71F007F0F54 /* ProSignInViewController.swift in Sources */ = {isa = PBXBuildFile; fileRef = 5759673227BEA71F007F0F54 /* ProSignInViewController.swift */; };
		575C102227BBEC350014039A /* String+isTitleCorrectLenght.swift in Sources */ = {isa = PBXBuildFile; fileRef = 575C102127BBEC350014039A /* String+isTitleCorrectLenght.swift */; };
		575C102427BC18840014039A /* NewPostAddressViewController.swift in Sources */ = {isa = PBXBuildFile; fileRef = 575C102327BC18840014039A /* NewPostAddressViewController.swift */; };
		575C102627BC46540014039A /* NewPostPhotoViewController.swift in Sources */ = {isa = PBXBuildFile; fileRef = 575C102527BC46540014039A /* NewPostPhotoViewController.swift */; };
		575C102827BC53590014039A /* UIImageView+roundedCorners.swift in Sources */ = {isa = PBXBuildFile; fileRef = 575C102727BC53590014039A /* UIImageView+roundedCorners.swift */; };
		575C102A27BC54910014039A /* NewPostConfirmViewController.swift in Sources */ = {isa = PBXBuildFile; fileRef = 575C102927BC54910014039A /* NewPostConfirmViewController.swift */; };
		575C102C27BC5DEE0014039A /* NewPostPostedSuccessfullyViewController.swift in Sources */ = {isa = PBXBuildFile; fileRef = 575C102B27BC5DEE0014039A /* NewPostPostedSuccessfullyViewController.swift */; };
		5765A15627B84AA80024B828 /* FirebaseAuthManager.swift in Sources */ = {isa = PBXBuildFile; fileRef = 5765A15527B84AA80024B828 /* FirebaseAuthManager.swift */; };
		5765A15827B84C4F0024B828 /* Client.swift in Sources */ = {isa = PBXBuildFile; fileRef = 5765A15727B84C4F0024B828 /* Client.swift */; };
		5765A15A27B84E9A0024B828 /* Constants.swift in Sources */ = {isa = PBXBuildFile; fileRef = 5765A15927B84E9A0024B828 /* Constants.swift */; };
		5765A15C27B850A30024B828 /* FirebaseDatabaseManager.swift in Sources */ = {isa = PBXBuildFile; fileRef = 5765A15B27B850A30024B828 /* FirebaseDatabaseManager.swift */; };
		5765A15E27B852830024B828 /* UserSignUpViewController.swift in Sources */ = {isa = PBXBuildFile; fileRef = 5765A15D27B852830024B828 /* UserSignUpViewController.swift */; };
		5765A16027B8557F0024B828 /* ClientHomepageViewController.swift in Sources */ = {isa = PBXBuildFile; fileRef = 5765A15F27B8557F0024B828 /* ClientHomepageViewController.swift */; };
		5765A16227B856FD0024B828 /* UserSignInViewController.swift in Sources */ = {isa = PBXBuildFile; fileRef = 5765A16127B856FD0024B828 /* UserSignInViewController.swift */; };
		57881ED727E21C6D007C2BB0 /* ChatViewController.swift in Sources */ = {isa = PBXBuildFile; fileRef = 57881ED627E21C6D007C2BB0 /* ChatViewController.swift */; };
		57881EDB27E21D0D007C2BB0 /* MessageCell.swift in Sources */ = {isa = PBXBuildFile; fileRef = 57881EDA27E21D0D007C2BB0 /* MessageCell.swift */; };
		57881EDD27E24596007C2BB0 /* Message.swift in Sources */ = {isa = PBXBuildFile; fileRef = 57881EDC27E24596007C2BB0 /* Message.swift */; };
		57881EDF27E24982007C2BB0 /* MessageCell.xib in Resources */ = {isa = PBXBuildFile; fileRef = 57881EDE27E24982007C2BB0 /* MessageCell.xib */; };
		578E07AD27CE711E00CAF760 /* NewPostSplashScreenViewController.swift in Sources */ = {isa = PBXBuildFile; fileRef = 578E07AC27CE711E00CAF760 /* NewPostSplashScreenViewController.swift */; };
		57BACF5327B7FA59009AE36D /* AppDelegate.swift in Sources */ = {isa = PBXBuildFile; fileRef = 57BACF5227B7FA59009AE36D /* AppDelegate.swift */; };
		57BACF5527B7FA59009AE36D /* SceneDelegate.swift in Sources */ = {isa = PBXBuildFile; fileRef = 57BACF5427B7FA59009AE36D /* SceneDelegate.swift */; };
		57BACF5727B7FA59009AE36D /* WelcomeViewController.swift in Sources */ = {isa = PBXBuildFile; fileRef = 57BACF5627B7FA59009AE36D /* WelcomeViewController.swift */; };
		57BACF5A27B7FA59009AE36D /* Main.storyboard in Resources */ = {isa = PBXBuildFile; fileRef = 57BACF5827B7FA59009AE36D /* Main.storyboard */; };
		57BACF5C27B7FA5A009AE36D /* Assets.xcassets in Resources */ = {isa = PBXBuildFile; fileRef = 57BACF5B27B7FA5A009AE36D /* Assets.xcassets */; };
		57BACF5F27B7FA5A009AE36D /* LaunchScreen.storyboard in Resources */ = {isa = PBXBuildFile; fileRef = 57BACF5D27B7FA5A009AE36D /* LaunchScreen.storyboard */; };
		57BACF6A27B7FA5A009AE36D /* HelpyTests.swift in Sources */ = {isa = PBXBuildFile; fileRef = 57BACF6927B7FA5A009AE36D /* HelpyTests.swift */; };
		57BACF8627B807D3009AE36D /* GoogleService-Info.plist in Resources */ = {isa = PBXBuildFile; fileRef = 57BACF8527B807D3009AE36D /* GoogleService-Info.plist */; };
		57C00DD327CFC73A00B468DB /* launchVideo.mp4 in Resources */ = {isa = PBXBuildFile; fileRef = 57C00DD227CFC54800B468DB /* launchVideo.mp4 */; };
		57C00DD527D00AE300B468DB /* ClientTabBarViewController.swift in Sources */ = {isa = PBXBuildFile; fileRef = 57C00DD427D00AE300B468DB /* ClientTabBarViewController.swift */; };
		57C00DD727D00D1F00B468DB /* ClientMyAccountViewController.swift in Sources */ = {isa = PBXBuildFile; fileRef = 57C00DD627D00D1F00B468DB /* ClientMyAccountViewController.swift */; };
		57C00DDC27D011CD00B468DB /* ClientMyAccountTableViewCell.swift in Sources */ = {isa = PBXBuildFile; fileRef = 57C00DDA27D011CD00B468DB /* ClientMyAccountTableViewCell.swift */; };
		57C00DDD27D011CD00B468DB /* ClientMyAccountTableViewCell.xib in Resources */ = {isa = PBXBuildFile; fileRef = 57C00DDB27D011CD00B468DB /* ClientMyAccountTableViewCell.xib */; };
		57C00DDF27D022E200B468DB /* ClientFavoritesViewController.swift in Sources */ = {isa = PBXBuildFile; fileRef = 57C00DDE27D022E200B468DB /* ClientFavoritesViewController.swift */; };
		57C4214E27B94CF3001A93B1 /* ProSignUpViewController.swift in Sources */ = {isa = PBXBuildFile; fileRef = 57C4214D27B94CF3001A93B1 /* ProSignUpViewController.swift */; };
		57C4215027B95152001A93B1 /* Categories.swift in Sources */ = {isa = PBXBuildFile; fileRef = 57C4214F27B95152001A93B1 /* Categories.swift */; };
		57C4215227B95198001A93B1 /* categories.txt in Resources */ = {isa = PBXBuildFile; fileRef = 57C4215127B95198001A93B1 /* categories.txt */; };
		57C4215427B965F3001A93B1 /* JobsTableViewController.swift in Sources */ = {isa = PBXBuildFile; fileRef = 57C4215327B965F3001A93B1 /* JobsTableViewController.swift */; };
		57C4215627B9752B001A93B1 /* Professional.swift in Sources */ = {isa = PBXBuildFile; fileRef = 57C4215527B9752B001A93B1 /* Professional.swift */; };
		57C4215827B9999A001A93B1 /* String+onlyNumbers.swift in Sources */ = {isa = PBXBuildFile; fileRef = 57C4215727B9999A001A93B1 /* String+onlyNumbers.swift */; };
		57CACEEC27CD1FE500700E6A /* PostDetailsViewController.swift in Sources */ = {isa = PBXBuildFile; fileRef = 57CACEEB27CD1FE500700E6A /* PostDetailsViewController.swift */; };
		57CACEF327CD66F700700E6A /* ApiKeys.swift in Sources */ = {isa = PBXBuildFile; fileRef = 57CACEF227CD66F700700E6A /* ApiKeys.swift */; };
		57CEFAB827D13A3D00F0D630 /* PostSearchViewController.swift in Sources */ = {isa = PBXBuildFile; fileRef = 57CEFAB727D13A3D00F0D630 /* PostSearchViewController.swift */; };
		57CEFABA27D1646700F0D630 /* PostSearchLocationViewController.swift in Sources */ = {isa = PBXBuildFile; fileRef = 57CEFAB927D1646700F0D630 /* PostSearchLocationViewController.swift */; };
		57CEFABC27D17FBB00F0D630 /* GooglePlacesService.swift in Sources */ = {isa = PBXBuildFile; fileRef = 57CEFABB27D17FBB00F0D630 /* GooglePlacesService.swift */; };
		57CEFABE27D1866B00F0D630 /* GeocodingData.swift in Sources */ = {isa = PBXBuildFile; fileRef = 57CEFABD27D1866B00F0D630 /* GeocodingData.swift */; };
		57CEFAC027D1A3A400F0D630 /* PostSearchResultViewController.swift in Sources */ = {isa = PBXBuildFile; fileRef = 57CEFABF27D1A3A400F0D630 /* PostSearchResultViewController.swift */; };
		57FFBA4327E208A0005DAE09 /* FirebaseFirestoreChatManager.swift in Sources */ = {isa = PBXBuildFile; fileRef = 57FFBA4227E208A0005DAE09 /* FirebaseFirestoreChatManager.swift */; };
/* End PBXBuildFile section */

/* Begin PBXContainerItemProxy section */
		57BACF6627B7FA5A009AE36D /* PBXContainerItemProxy */ = {
			isa = PBXContainerItemProxy;
			containerPortal = 57BACF4727B7FA58009AE36D /* Project object */;
			proxyType = 1;
			remoteGlobalIDString = 57BACF4E27B7FA59009AE36D;
			remoteInfo = Helpy;
		};
		57BACF7027B7FA5A009AE36D /* PBXContainerItemProxy */ = {
			isa = PBXContainerItemProxy;
			containerPortal = 57BACF4727B7FA58009AE36D /* Project object */;
			proxyType = 1;
			remoteGlobalIDString = 57BACF4E27B7FA59009AE36D;
			remoteInfo = Helpy;
		};
/* End PBXContainerItemProxy section */

/* Begin PBXFileReference section */
		06ED8701850691B6CD307F85 /* Pods-Helpy.release.xcconfig */ = {isa = PBXFileReference; includeInIndex = 1; lastKnownFileType = text.xcconfig; name = "Pods-Helpy.release.xcconfig"; path = "Target Support Files/Pods-Helpy/Pods-Helpy.release.xcconfig"; sourceTree = "<group>"; };
		077BDCE2C1522547ED83CCA0 /* Pods_Helpy.framework */ = {isa = PBXFileReference; explicitFileType = wrapper.framework; includeInIndex = 0; path = Pods_Helpy.framework; sourceTree = BUILT_PRODUCTS_DIR; };
		1E3902642F4340597E00BDA0 /* Pods-Helpy.debug.xcconfig */ = {isa = PBXFileReference; includeInIndex = 1; lastKnownFileType = text.xcconfig; name = "Pods-Helpy.debug.xcconfig"; path = "Target Support Files/Pods-Helpy/Pods-Helpy.debug.xcconfig"; sourceTree = "<group>"; };
		5703EF1227D5183000541577 /* UIView+addGradientOnButtonTop.swift */ = {isa = PBXFileReference; lastKnownFileType = sourcecode.swift; path = "UIView+addGradientOnButtonTop.swift"; sourceTree = "<group>"; };
		5703EF1927D52BD500541577 /* ConversationsViewController.swift */ = {isa = PBXFileReference; lastKnownFileType = sourcecode.swift; path = ConversationsViewController.swift; sourceTree = "<group>"; };
		570FCAA127BB185A00404003 /* NewPostDescriptionViewController.swift */ = {isa = PBXFileReference; lastKnownFileType = sourcecode.swift; path = NewPostDescriptionViewController.swift; sourceTree = "<group>"; };
		5736C92D27BD29FB00970DE9 /* UITextField+resignFirstResponser.swift */ = {isa = PBXFileReference; lastKnownFileType = sourcecode.swift; path = "UITextField+resignFirstResponser.swift"; sourceTree = "<group>"; };
		5736C92F27BD2C5B00970DE9 /* UIView+hideKeyboardOnTap.swift */ = {isa = PBXFileReference; lastKnownFileType = sourcecode.swift; path = "UIView+hideKeyboardOnTap.swift"; sourceTree = "<group>"; };
		5736C93127BDA1B200970DE9 /* ProHomepageViewController.swift */ = {isa = PBXFileReference; lastKnownFileType = sourcecode.swift; path = ProHomepageViewController.swift; sourceTree = "<group>"; };
		5736C93327BDA57200970DE9 /* ProTapBarViewController.swift */ = {isa = PBXFileReference; lastKnownFileType = sourcecode.swift; path = ProTapBarViewController.swift; sourceTree = "<group>"; };
		5736C93527BDA5E700970DE9 /* ProSettingsViewController.swift */ = {isa = PBXFileReference; lastKnownFileType = sourcecode.swift; path = ProSettingsViewController.swift; sourceTree = "<group>"; };
		57439B3027BA92A5003C12E3 /* Post.swift */ = {isa = PBXFileReference; lastKnownFileType = sourcecode.swift; path = Post.swift; sourceTree = "<group>"; };
		57439B3227BA950C003C12E3 /* PostCollectionViewCell.swift */ = {isa = PBXFileReference; lastKnownFileType = sourcecode.swift; path = PostCollectionViewCell.swift; sourceTree = "<group>"; };
		57439B3327BA950C003C12E3 /* PostCollectionViewCell.xib */ = {isa = PBXFileReference; lastKnownFileType = file.xib; path = PostCollectionViewCell.xib; sourceTree = "<group>"; };
		57439B3727BB0B45003C12E3 /* NewPostTitleViewController.swift */ = {isa = PBXFileReference; lastKnownFileType = sourcecode.swift; path = NewPostTitleViewController.swift; sourceTree = "<group>"; };
		57458DF927D2C11600D51356 /* UIView+addSeparator.swift */ = {isa = PBXFileReference; lastKnownFileType = sourcecode.swift; path = "UIView+addSeparator.swift"; sourceTree = "<group>"; };
		5753696F27B9AA16000E93F0 /* SearchAddressViewController.swift */ = {isa = PBXFileReference; lastKnownFileType = sourcecode.swift; path = SearchAddressViewController.swift; sourceTree = "<group>"; };
		5755BE8227CC28A70007F86A /* libGeoFire.a */ = {isa = PBXFileReference; explicitFileType = archive.ar; path = libGeoFire.a; sourceTree = BUILT_PRODUCTS_DIR; };
		5755BE8827CC2DFD0007F86A /* libGeoFire.a */ = {isa = PBXFileReference; explicitFileType = archive.ar; path = libGeoFire.a; sourceTree = BUILT_PRODUCTS_DIR; };
		5759673227BEA71F007F0F54 /* ProSignInViewController.swift */ = {isa = PBXFileReference; lastKnownFileType = sourcecode.swift; path = ProSignInViewController.swift; sourceTree = "<group>"; };
		575C102127BBEC350014039A /* String+isTitleCorrectLenght.swift */ = {isa = PBXFileReference; lastKnownFileType = sourcecode.swift; path = "String+isTitleCorrectLenght.swift"; sourceTree = "<group>"; };
		575C102327BC18840014039A /* NewPostAddressViewController.swift */ = {isa = PBXFileReference; lastKnownFileType = sourcecode.swift; path = NewPostAddressViewController.swift; sourceTree = "<group>"; };
		575C102527BC46540014039A /* NewPostPhotoViewController.swift */ = {isa = PBXFileReference; lastKnownFileType = sourcecode.swift; path = NewPostPhotoViewController.swift; sourceTree = "<group>"; };
		575C102727BC53590014039A /* UIImageView+roundedCorners.swift */ = {isa = PBXFileReference; lastKnownFileType = sourcecode.swift; path = "UIImageView+roundedCorners.swift"; sourceTree = "<group>"; };
		575C102927BC54910014039A /* NewPostConfirmViewController.swift */ = {isa = PBXFileReference; lastKnownFileType = sourcecode.swift; path = NewPostConfirmViewController.swift; sourceTree = "<group>"; };
		575C102B27BC5DEE0014039A /* NewPostPostedSuccessfullyViewController.swift */ = {isa = PBXFileReference; lastKnownFileType = sourcecode.swift; path = NewPostPostedSuccessfullyViewController.swift; sourceTree = "<group>"; };
		5765A15527B84AA80024B828 /* FirebaseAuthManager.swift */ = {isa = PBXFileReference; lastKnownFileType = sourcecode.swift; path = FirebaseAuthManager.swift; sourceTree = "<group>"; };
		5765A15727B84C4F0024B828 /* Client.swift */ = {isa = PBXFileReference; lastKnownFileType = sourcecode.swift; path = Client.swift; sourceTree = "<group>"; };
		5765A15927B84E9A0024B828 /* Constants.swift */ = {isa = PBXFileReference; lastKnownFileType = sourcecode.swift; path = Constants.swift; sourceTree = "<group>"; };
		5765A15B27B850A30024B828 /* FirebaseDatabaseManager.swift */ = {isa = PBXFileReference; lastKnownFileType = sourcecode.swift; path = FirebaseDatabaseManager.swift; sourceTree = "<group>"; };
		5765A15D27B852830024B828 /* UserSignUpViewController.swift */ = {isa = PBXFileReference; lastKnownFileType = sourcecode.swift; path = UserSignUpViewController.swift; sourceTree = "<group>"; };
		5765A15F27B8557F0024B828 /* ClientHomepageViewController.swift */ = {isa = PBXFileReference; lastKnownFileType = sourcecode.swift; path = ClientHomepageViewController.swift; sourceTree = "<group>"; };
		5765A16127B856FD0024B828 /* UserSignInViewController.swift */ = {isa = PBXFileReference; lastKnownFileType = sourcecode.swift; path = UserSignInViewController.swift; sourceTree = "<group>"; };
		57881ED627E21C6D007C2BB0 /* ChatViewController.swift */ = {isa = PBXFileReference; lastKnownFileType = sourcecode.swift; path = ChatViewController.swift; sourceTree = "<group>"; };
		57881EDA27E21D0D007C2BB0 /* MessageCell.swift */ = {isa = PBXFileReference; fileEncoding = 4; lastKnownFileType = sourcecode.swift; path = MessageCell.swift; sourceTree = "<group>"; };
		57881EDC27E24596007C2BB0 /* Message.swift */ = {isa = PBXFileReference; lastKnownFileType = sourcecode.swift; path = Message.swift; sourceTree = "<group>"; };
		57881EDE27E24982007C2BB0 /* MessageCell.xib */ = {isa = PBXFileReference; fileEncoding = 4; lastKnownFileType = file.xib; path = MessageCell.xib; sourceTree = "<group>"; };
		578E07AC27CE711E00CAF760 /* NewPostSplashScreenViewController.swift */ = {isa = PBXFileReference; lastKnownFileType = sourcecode.swift; path = NewPostSplashScreenViewController.swift; sourceTree = "<group>"; };
		57BACF4F27B7FA59009AE36D /* Helpy.app */ = {isa = PBXFileReference; explicitFileType = wrapper.application; includeInIndex = 0; path = Helpy.app; sourceTree = BUILT_PRODUCTS_DIR; };
		57BACF5227B7FA59009AE36D /* AppDelegate.swift */ = {isa = PBXFileReference; lastKnownFileType = sourcecode.swift; path = AppDelegate.swift; sourceTree = "<group>"; };
		57BACF5427B7FA59009AE36D /* SceneDelegate.swift */ = {isa = PBXFileReference; lastKnownFileType = sourcecode.swift; path = SceneDelegate.swift; sourceTree = "<group>"; };
		57BACF5627B7FA59009AE36D /* WelcomeViewController.swift */ = {isa = PBXFileReference; lastKnownFileType = sourcecode.swift; path = WelcomeViewController.swift; sourceTree = "<group>"; };
		57BACF5927B7FA59009AE36D /* Base */ = {isa = PBXFileReference; lastKnownFileType = file.storyboard; name = Base; path = Base.lproj/Main.storyboard; sourceTree = "<group>"; };
		57BACF5B27B7FA5A009AE36D /* Assets.xcassets */ = {isa = PBXFileReference; lastKnownFileType = folder.assetcatalog; path = Assets.xcassets; sourceTree = "<group>"; };
		57BACF5E27B7FA5A009AE36D /* Base */ = {isa = PBXFileReference; lastKnownFileType = file.storyboard; name = Base; path = Base.lproj/LaunchScreen.storyboard; sourceTree = "<group>"; };
		57BACF6027B7FA5A009AE36D /* Info.plist */ = {isa = PBXFileReference; lastKnownFileType = text.plist.xml; path = Info.plist; sourceTree = "<group>"; };
		57BACF6527B7FA5A009AE36D /* HelpyTests.xctest */ = {isa = PBXFileReference; explicitFileType = wrapper.cfbundle; includeInIndex = 0; path = HelpyTests.xctest; sourceTree = BUILT_PRODUCTS_DIR; };
		57BACF6927B7FA5A009AE36D /* HelpyTests.swift */ = {isa = PBXFileReference; lastKnownFileType = sourcecode.swift; path = HelpyTests.swift; sourceTree = "<group>"; };
		57BACF6F27B7FA5A009AE36D /* HelpyUITests.xctest */ = {isa = PBXFileReference; explicitFileType = wrapper.cfbundle; includeInIndex = 0; path = HelpyUITests.xctest; sourceTree = BUILT_PRODUCTS_DIR; };
		57BACF8527B807D3009AE36D /* GoogleService-Info.plist */ = {isa = PBXFileReference; fileEncoding = 4; lastKnownFileType = text.plist.xml; path = "GoogleService-Info.plist"; sourceTree = "<group>"; };
		57C00DD227CFC54800B468DB /* launchVideo.mp4 */ = {isa = PBXFileReference; lastKnownFileType = file; path = launchVideo.mp4; sourceTree = "<group>"; };
		57C00DD427D00AE300B468DB /* ClientTabBarViewController.swift */ = {isa = PBXFileReference; lastKnownFileType = sourcecode.swift; path = ClientTabBarViewController.swift; sourceTree = "<group>"; };
		57C00DD627D00D1F00B468DB /* ClientMyAccountViewController.swift */ = {isa = PBXFileReference; lastKnownFileType = sourcecode.swift; path = ClientMyAccountViewController.swift; sourceTree = "<group>"; };
		57C00DDA27D011CD00B468DB /* ClientMyAccountTableViewCell.swift */ = {isa = PBXFileReference; lastKnownFileType = sourcecode.swift; path = ClientMyAccountTableViewCell.swift; sourceTree = "<group>"; };
		57C00DDB27D011CD00B468DB /* ClientMyAccountTableViewCell.xib */ = {isa = PBXFileReference; lastKnownFileType = file.xib; path = ClientMyAccountTableViewCell.xib; sourceTree = "<group>"; };
		57C00DDE27D022E200B468DB /* ClientFavoritesViewController.swift */ = {isa = PBXFileReference; lastKnownFileType = sourcecode.swift; path = ClientFavoritesViewController.swift; sourceTree = "<group>"; };
		57C4214D27B94CF3001A93B1 /* ProSignUpViewController.swift */ = {isa = PBXFileReference; lastKnownFileType = sourcecode.swift; path = ProSignUpViewController.swift; sourceTree = "<group>"; };
		57C4214F27B95152001A93B1 /* Categories.swift */ = {isa = PBXFileReference; lastKnownFileType = sourcecode.swift; path = Categories.swift; sourceTree = "<group>"; };
		57C4215127B95198001A93B1 /* categories.txt */ = {isa = PBXFileReference; fileEncoding = 4; lastKnownFileType = text; path = categories.txt; sourceTree = "<group>"; };
		57C4215327B965F3001A93B1 /* JobsTableViewController.swift */ = {isa = PBXFileReference; lastKnownFileType = sourcecode.swift; path = JobsTableViewController.swift; sourceTree = "<group>"; };
		57C4215527B9752B001A93B1 /* Professional.swift */ = {isa = PBXFileReference; lastKnownFileType = sourcecode.swift; path = Professional.swift; sourceTree = "<group>"; };
		57C4215727B9999A001A93B1 /* String+onlyNumbers.swift */ = {isa = PBXFileReference; lastKnownFileType = sourcecode.swift; path = "String+onlyNumbers.swift"; sourceTree = "<group>"; };
		57CACEEB27CD1FE500700E6A /* PostDetailsViewController.swift */ = {isa = PBXFileReference; lastKnownFileType = sourcecode.swift; path = PostDetailsViewController.swift; sourceTree = "<group>"; };
		57CACEF227CD66F700700E6A /* ApiKeys.swift */ = {isa = PBXFileReference; fileEncoding = 4; lastKnownFileType = sourcecode.swift; path = ApiKeys.swift; sourceTree = "<group>"; };
		57CEFAB727D13A3D00F0D630 /* PostSearchViewController.swift */ = {isa = PBXFileReference; lastKnownFileType = sourcecode.swift; path = PostSearchViewController.swift; sourceTree = "<group>"; };
		57CEFAB927D1646700F0D630 /* PostSearchLocationViewController.swift */ = {isa = PBXFileReference; lastKnownFileType = sourcecode.swift; path = PostSearchLocationViewController.swift; sourceTree = "<group>"; };
		57CEFABB27D17FBB00F0D630 /* GooglePlacesService.swift */ = {isa = PBXFileReference; lastKnownFileType = sourcecode.swift; path = GooglePlacesService.swift; sourceTree = "<group>"; };
		57CEFABD27D1866B00F0D630 /* GeocodingData.swift */ = {isa = PBXFileReference; lastKnownFileType = sourcecode.swift; path = GeocodingData.swift; sourceTree = "<group>"; };
		57CEFABF27D1A3A400F0D630 /* PostSearchResultViewController.swift */ = {isa = PBXFileReference; lastKnownFileType = sourcecode.swift; path = PostSearchResultViewController.swift; sourceTree = "<group>"; };
		57FFBA4227E208A0005DAE09 /* FirebaseFirestoreChatManager.swift */ = {isa = PBXFileReference; lastKnownFileType = sourcecode.swift; path = FirebaseFirestoreChatManager.swift; sourceTree = "<group>"; };
/* End PBXFileReference section */

/* Begin PBXFrameworksBuildPhase section */
		57BACF4C27B7FA59009AE36D /* Frameworks */ = {
			isa = PBXFrameworksBuildPhase;
			buildActionMask = 2147483647;
			files = (
				5755BE7927CC24F00007F86A /* FirebaseAppCheck in Frameworks */,
				5755BE7B27CC24F00007F86A /* FirebaseAuth in Frameworks */,
				5755BE7D27CC24F00007F86A /* FirebaseDatabase in Frameworks */,
				5703EF1827D52A6900541577 /* MessageKit in Frameworks */,
				5703EF1D27D52EC700541577 /* JGProgressHUD in Frameworks */,
				5755BE7F27CC24F00007F86A /* FirebaseFirestore in Frameworks */,
				5755BE8127CC24F00007F86A /* FirebaseStorage in Frameworks */,
				4AF3A9ACC381CCC1E539E5A0 /* Pods_Helpy.framework in Frameworks */,
			);
			runOnlyForDeploymentPostprocessing = 0;
		};
		57BACF6227B7FA5A009AE36D /* Frameworks */ = {
			isa = PBXFrameworksBuildPhase;
			buildActionMask = 2147483647;
			files = (
			);
			runOnlyForDeploymentPostprocessing = 0;
		};
		57BACF6C27B7FA5A009AE36D /* Frameworks */ = {
			isa = PBXFrameworksBuildPhase;
			buildActionMask = 2147483647;
			files = (
			);
			runOnlyForDeploymentPostprocessing = 0;
		};
/* End PBXFrameworksBuildPhase section */

/* Begin PBXGroup section */
		42853ACF4C8E30A0EE761A2D /* Frameworks */ = {
			isa = PBXGroup;
			children = (
				5755BE8827CC2DFD0007F86A /* libGeoFire.a */,
				5755BE8227CC28A70007F86A /* libGeoFire.a */,
				077BDCE2C1522547ED83CCA0 /* Pods_Helpy.framework */,
			);
			name = Frameworks;
			sourceTree = "<group>";
		};
		436F517EEBA6A85EB2CA0769 /* Pods */ = {
			isa = PBXGroup;
			children = (
				1E3902642F4340597E00BDA0 /* Pods-Helpy.debug.xcconfig */,
				06ED8701850691B6CD307F85 /* Pods-Helpy.release.xcconfig */,
			);
			path = Pods;
			sourceTree = "<group>";
		};
		570FCAA327BB185F00404003 /* NewPostFlow */ = {
			isa = PBXGroup;
			children = (
				578E07AC27CE711E00CAF760 /* NewPostSplashScreenViewController.swift */,
				57439B3727BB0B45003C12E3 /* NewPostTitleViewController.swift */,
				570FCAA127BB185A00404003 /* NewPostDescriptionViewController.swift */,
				575C102327BC18840014039A /* NewPostAddressViewController.swift */,
				575C102527BC46540014039A /* NewPostPhotoViewController.swift */,
				575C102927BC54910014039A /* NewPostConfirmViewController.swift */,
				575C102B27BC5DEE0014039A /* NewPostPostedSuccessfullyViewController.swift */,
			);
			path = NewPostFlow;
			sourceTree = "<group>";
		};
		57439B3627BAED02003C12E3 /* LogProcess */ = {
			isa = PBXGroup;
			children = (
				57BACF5627B7FA59009AE36D /* WelcomeViewController.swift */,
				5765A15D27B852830024B828 /* UserSignUpViewController.swift */,
				5765A16127B856FD0024B828 /* UserSignInViewController.swift */,
				57C4215327B965F3001A93B1 /* JobsTableViewController.swift */,
				5753696F27B9AA16000E93F0 /* SearchAddressViewController.swift */,
			);
			path = LogProcess;
			sourceTree = "<group>";
		};
		5759673427BEA74E007F0F54 /* Pro */ = {
			isa = PBXGroup;
			children = (
				5759673227BEA71F007F0F54 /* ProSignInViewController.swift */,
				57C4214D27B94CF3001A93B1 /* ProSignUpViewController.swift */,
				5736C93327BDA57200970DE9 /* ProTapBarViewController.swift */,
				5736C93127BDA1B200970DE9 /* ProHomepageViewController.swift */,
				5736C93527BDA5E700970DE9 /* ProSettingsViewController.swift */,
			);
			path = Pro;
			sourceTree = "<group>";
		};
		57BACF4627B7FA58009AE36D = {
			isa = PBXGroup;
			children = (
				57BACF5127B7FA59009AE36D /* Helpy */,
				57BACF6827B7FA5A009AE36D /* HelpyTests */,
				57BACF5027B7FA59009AE36D /* Products */,
				436F517EEBA6A85EB2CA0769 /* Pods */,
				42853ACF4C8E30A0EE761A2D /* Frameworks */,
			);
			sourceTree = "<group>";
		};
		57BACF5027B7FA59009AE36D /* Products */ = {
			isa = PBXGroup;
			children = (
				57BACF4F27B7FA59009AE36D /* Helpy.app */,
				57BACF6527B7FA5A009AE36D /* HelpyTests.xctest */,
				57BACF6F27B7FA5A009AE36D /* HelpyUITests.xctest */,
			);
			name = Products;
			sourceTree = "<group>";
		};
		57BACF5127B7FA59009AE36D /* Helpy */ = {
			isa = PBXGroup;
			children = (
				57C4215927B9999E001A93B1 /* Extensions */,
				57BACF8427B8077B009AE36D /* Models */,
				57BACF8227B7FD6A009AE36D /* Controllers */,
				57BACF8327B7FD78009AE36D /* Views */,
				57CACEF227CD66F700700E6A /* ApiKeys.swift */,
				57BACF5227B7FA59009AE36D /* AppDelegate.swift */,
				57BACF5427B7FA59009AE36D /* SceneDelegate.swift */,
				5765A15927B84E9A0024B828 /* Constants.swift */,
				57BACF5B27B7FA5A009AE36D /* Assets.xcassets */,
				57C00DD227CFC54800B468DB /* launchVideo.mp4 */,
				57C4215127B95198001A93B1 /* categories.txt */,
				57BACF6027B7FA5A009AE36D /* Info.plist */,
				57BACF8527B807D3009AE36D /* GoogleService-Info.plist */,
			);
			path = Helpy;
			sourceTree = "<group>";
		};
		57BACF6827B7FA5A009AE36D /* HelpyTests */ = {
			isa = PBXGroup;
			children = (
				57BACF6927B7FA5A009AE36D /* HelpyTests.swift */,
			);
			path = HelpyTests;
			sourceTree = "<group>";
		};
		57BACF8227B7FD6A009AE36D /* Controllers */ = {
			isa = PBXGroup;
			children = (
				57439B3627BAED02003C12E3 /* LogProcess */,
				5759673427BEA74E007F0F54 /* Pro */,
				57CACEEA27CD1C5500700E6A /* Client */,
				570FCAA327BB185F00404003 /* NewPostFlow */,
				5703EF1927D52BD500541577 /* ConversationsViewController.swift */,
				57881ED627E21C6D007C2BB0 /* ChatViewController.swift */,
			);
			path = Controllers;
			sourceTree = "<group>";
		};
		57BACF8327B7FD78009AE36D /* Views */ = {
			isa = PBXGroup;
			children = (
				57BACF5827B7FA59009AE36D /* Main.storyboard */,
				57BACF5D27B7FA5A009AE36D /* LaunchScreen.storyboard */,
				57439B3227BA950C003C12E3 /* PostCollectionViewCell.swift */,
				57439B3327BA950C003C12E3 /* PostCollectionViewCell.xib */,
				57C00DDA27D011CD00B468DB /* ClientMyAccountTableViewCell.swift */,
				57C00DDB27D011CD00B468DB /* ClientMyAccountTableViewCell.xib */,
				57881EDA27E21D0D007C2BB0 /* MessageCell.swift */,
				57881EDE27E24982007C2BB0 /* MessageCell.xib */,
			);
			path = Views;
			sourceTree = "<group>";
		};
		57BACF8427B8077B009AE36D /* Models */ = {
			isa = PBXGroup;
			children = (
				5765A15727B84C4F0024B828 /* Client.swift */,
				57C4215527B9752B001A93B1 /* Professional.swift */,
				57439B3027BA92A5003C12E3 /* Post.swift */,
				57881EDC27E24596007C2BB0 /* Message.swift */,
				57C4214F27B95152001A93B1 /* Categories.swift */,
				5765A15527B84AA80024B828 /* FirebaseAuthManager.swift */,
				5765A15B27B850A30024B828 /* FirebaseDatabaseManager.swift */,
				57FFBA4227E208A0005DAE09 /* FirebaseFirestoreChatManager.swift */,
				57CEFABB27D17FBB00F0D630 /* GooglePlacesService.swift */,
				57CEFABD27D1866B00F0D630 /* GeocodingData.swift */,
			);
			path = Models;
			sourceTree = "<group>";
		};
		57C4215927B9999E001A93B1 /* Extensions */ = {
			isa = PBXGroup;
			children = (
				57C4215727B9999A001A93B1 /* String+onlyNumbers.swift */,
				575C102127BBEC350014039A /* String+isTitleCorrectLenght.swift */,
				575C102727BC53590014039A /* UIImageView+roundedCorners.swift */,
				5736C92D27BD29FB00970DE9 /* UITextField+resignFirstResponser.swift */,
				5736C92F27BD2C5B00970DE9 /* UIView+hideKeyboardOnTap.swift */,
				57458DF927D2C11600D51356 /* UIView+addSeparator.swift */,
				5703EF1227D5183000541577 /* UIView+addGradientOnButtonTop.swift */,
			);
			path = Extensions;
			sourceTree = "<group>";
		};
		57CACEEA27CD1C5500700E6A /* Client */ = {
			isa = PBXGroup;
			children = (
				57C00DD427D00AE300B468DB /* ClientTabBarViewController.swift */,
				5765A15F27B8557F0024B828 /* ClientHomepageViewController.swift */,
				57CACEEB27CD1FE500700E6A /* PostDetailsViewController.swift */,
				57CEFAB727D13A3D00F0D630 /* PostSearchViewController.swift */,
				57CEFAB927D1646700F0D630 /* PostSearchLocationViewController.swift */,
				57CEFABF27D1A3A400F0D630 /* PostSearchResultViewController.swift */,
				57C00DD627D00D1F00B468DB /* ClientMyAccountViewController.swift */,
				57C00DDE27D022E200B468DB /* ClientFavoritesViewController.swift */,
			);
			path = Client;
			sourceTree = "<group>";
		};
/* End PBXGroup section */

/* Begin PBXNativeTarget section */
		57BACF4E27B7FA59009AE36D /* Helpy */ = {
			isa = PBXNativeTarget;
			buildConfigurationList = 57BACF7927B7FA5A009AE36D /* Build configuration list for PBXNativeTarget "Helpy" */;
			buildPhases = (
				0A98A473D776CC735E009BA4 /* [CP] Check Pods Manifest.lock */,
				57BACF4B27B7FA59009AE36D /* Sources */,
				57BACF4C27B7FA59009AE36D /* Frameworks */,
				57BACF4D27B7FA59009AE36D /* Resources */,
				B6ACE4DDD05EFD68667B0E2E /* [CP] Copy Pods Resources */,
				45EAA85184E1587521DC3C6B /* [CP] Embed Pods Frameworks */,
			);
			buildRules = (
			);
			dependencies = (
			);
			name = Helpy;
			packageProductDependencies = (
				5755BE7827CC24F00007F86A /* FirebaseAppCheck */,
				5755BE7A27CC24F00007F86A /* FirebaseAuth */,
				5755BE7C27CC24F00007F86A /* FirebaseDatabase */,
				5755BE7E27CC24F00007F86A /* FirebaseFirestore */,
				5755BE8027CC24F00007F86A /* FirebaseStorage */,
				5703EF1727D52A6900541577 /* MessageKit */,
				5703EF1C27D52EC700541577 /* JGProgressHUD */,
			);
			productName = Helpy;
			productReference = 57BACF4F27B7FA59009AE36D /* Helpy.app */;
			productType = "com.apple.product-type.application";
		};
		57BACF6427B7FA5A009AE36D /* HelpyTests */ = {
			isa = PBXNativeTarget;
			buildConfigurationList = 57BACF7C27B7FA5A009AE36D /* Build configuration list for PBXNativeTarget "HelpyTests" */;
			buildPhases = (
				57BACF6127B7FA5A009AE36D /* Sources */,
				57BACF6227B7FA5A009AE36D /* Frameworks */,
				57BACF6327B7FA5A009AE36D /* Resources */,
			);
			buildRules = (
			);
			dependencies = (
				57BACF6727B7FA5A009AE36D /* PBXTargetDependency */,
			);
			name = HelpyTests;
			productName = HelpyTests;
			productReference = 57BACF6527B7FA5A009AE36D /* HelpyTests.xctest */;
			productType = "com.apple.product-type.bundle.unit-test";
		};
		57BACF6E27B7FA5A009AE36D /* HelpyUITests */ = {
			isa = PBXNativeTarget;
			buildConfigurationList = 57BACF7F27B7FA5A009AE36D /* Build configuration list for PBXNativeTarget "HelpyUITests" */;
			buildPhases = (
				57BACF6B27B7FA5A009AE36D /* Sources */,
				57BACF6C27B7FA5A009AE36D /* Frameworks */,
				57BACF6D27B7FA5A009AE36D /* Resources */,
			);
			buildRules = (
			);
			dependencies = (
				57BACF7127B7FA5A009AE36D /* PBXTargetDependency */,
			);
			name = HelpyUITests;
			productName = HelpyUITests;
			productReference = 57BACF6F27B7FA5A009AE36D /* HelpyUITests.xctest */;
			productType = "com.apple.product-type.bundle.ui-testing";
		};
/* End PBXNativeTarget section */

/* Begin PBXProject section */
		57BACF4727B7FA58009AE36D /* Project object */ = {
			isa = PBXProject;
			attributes = {
				BuildIndependentTargetsInParallel = 1;
				LastSwiftUpdateCheck = 1320;
				LastUpgradeCheck = 1320;
				TargetAttributes = {
					57BACF4E27B7FA59009AE36D = {
						CreatedOnToolsVersion = 13.2.1;
						LastSwiftMigration = 1320;
					};
					57BACF6427B7FA5A009AE36D = {
						CreatedOnToolsVersion = 13.2.1;
						TestTargetID = 57BACF4E27B7FA59009AE36D;
					};
					57BACF6E27B7FA5A009AE36D = {
						CreatedOnToolsVersion = 13.2.1;
						TestTargetID = 57BACF4E27B7FA59009AE36D;
					};
				};
			};
			buildConfigurationList = 57BACF4A27B7FA58009AE36D /* Build configuration list for PBXProject "Helpy" */;
			compatibilityVersion = "Xcode 13.0";
			developmentRegion = en;
			hasScannedForEncodings = 0;
			knownRegions = (
				en,
				Base,
			);
			mainGroup = 57BACF4627B7FA58009AE36D;
			packageReferences = (
				5755BE7727CC24F00007F86A /* XCRemoteSwiftPackageReference "firebase-ios-sdk" */,
				5703EF1627D52A6900541577 /* XCRemoteSwiftPackageReference "MessageKit" */,
				5703EF1B27D52EC700541577 /* XCRemoteSwiftPackageReference "JGProgressHUD" */,
			);
			productRefGroup = 57BACF5027B7FA59009AE36D /* Products */;
			projectDirPath = "";
			projectRoot = "";
			targets = (
				57BACF4E27B7FA59009AE36D /* Helpy */,
				57BACF6427B7FA5A009AE36D /* HelpyTests */,
				57BACF6E27B7FA5A009AE36D /* HelpyUITests */,
			);
		};
/* End PBXProject section */

/* Begin PBXResourcesBuildPhase section */
		57BACF4D27B7FA59009AE36D /* Resources */ = {
			isa = PBXResourcesBuildPhase;
			buildActionMask = 2147483647;
			files = (
				57C00DD327CFC73A00B468DB /* launchVideo.mp4 in Resources */,
				57BACF5F27B7FA5A009AE36D /* LaunchScreen.storyboard in Resources */,
				57BACF8627B807D3009AE36D /* GoogleService-Info.plist in Resources */,
				57439B3527BA950C003C12E3 /* PostCollectionViewCell.xib in Resources */,
				57881EDF27E24982007C2BB0 /* MessageCell.xib in Resources */,
				57C00DDD27D011CD00B468DB /* ClientMyAccountTableViewCell.xib in Resources */,
				57BACF5C27B7FA5A009AE36D /* Assets.xcassets in Resources */,
				57BACF5A27B7FA59009AE36D /* Main.storyboard in Resources */,
				57C4215227B95198001A93B1 /* categories.txt in Resources */,
			);
			runOnlyForDeploymentPostprocessing = 0;
		};
		57BACF6327B7FA5A009AE36D /* Resources */ = {
			isa = PBXResourcesBuildPhase;
			buildActionMask = 2147483647;
			files = (
			);
			runOnlyForDeploymentPostprocessing = 0;
		};
		57BACF6D27B7FA5A009AE36D /* Resources */ = {
			isa = PBXResourcesBuildPhase;
			buildActionMask = 2147483647;
			files = (
			);
			runOnlyForDeploymentPostprocessing = 0;
		};
/* End PBXResourcesBuildPhase section */

/* Begin PBXShellScriptBuildPhase section */
		0A98A473D776CC735E009BA4 /* [CP] Check Pods Manifest.lock */ = {
			isa = PBXShellScriptBuildPhase;
			buildActionMask = 2147483647;
			files = (
			);
			inputFileListPaths = (
			);
			inputPaths = (
				"${PODS_PODFILE_DIR_PATH}/Podfile.lock",
				"${PODS_ROOT}/Manifest.lock",
			);
			name = "[CP] Check Pods Manifest.lock";
			outputFileListPaths = (
			);
			outputPaths = (
				"$(DERIVED_FILE_DIR)/Pods-Helpy-checkManifestLockResult.txt",
			);
			runOnlyForDeploymentPostprocessing = 0;
			shellPath = /bin/sh;
			shellScript = "diff \"${PODS_PODFILE_DIR_PATH}/Podfile.lock\" \"${PODS_ROOT}/Manifest.lock\" > /dev/null\nif [ $? != 0 ] ; then\n    # print error to STDERR\n    echo \"error: The sandbox is not in sync with the Podfile.lock. Run 'pod install' or update your CocoaPods installation.\" >&2\n    exit 1\nfi\n# This output is used by Xcode 'outputs' to avoid re-running this script phase.\necho \"SUCCESS\" > \"${SCRIPT_OUTPUT_FILE_0}\"\n";
			showEnvVarsInLog = 0;
		};
		45EAA85184E1587521DC3C6B /* [CP] Embed Pods Frameworks */ = {
			isa = PBXShellScriptBuildPhase;
			buildActionMask = 2147483647;
			files = (
			);
			inputFileListPaths = (
				"${PODS_ROOT}/Target Support Files/Pods-Helpy/Pods-Helpy-frameworks-${CONFIGURATION}-input-files.xcfilelist",
			);
			name = "[CP] Embed Pods Frameworks";
			outputFileListPaths = (
				"${PODS_ROOT}/Target Support Files/Pods-Helpy/Pods-Helpy-frameworks-${CONFIGURATION}-output-files.xcfilelist",
			);
			runOnlyForDeploymentPostprocessing = 0;
			shellPath = /bin/sh;
			shellScript = "\"${PODS_ROOT}/Target Support Files/Pods-Helpy/Pods-Helpy-frameworks.sh\"\n";
			showEnvVarsInLog = 0;
		};
		B6ACE4DDD05EFD68667B0E2E /* [CP] Copy Pods Resources */ = {
			isa = PBXShellScriptBuildPhase;
			buildActionMask = 2147483647;
			files = (
			);
			inputFileListPaths = (
				"${PODS_ROOT}/Target Support Files/Pods-Helpy/Pods-Helpy-resources-${CONFIGURATION}-input-files.xcfilelist",
			);
			name = "[CP] Copy Pods Resources";
			outputFileListPaths = (
				"${PODS_ROOT}/Target Support Files/Pods-Helpy/Pods-Helpy-resources-${CONFIGURATION}-output-files.xcfilelist",
			);
			runOnlyForDeploymentPostprocessing = 0;
			shellPath = /bin/sh;
			shellScript = "\"${PODS_ROOT}/Target Support Files/Pods-Helpy/Pods-Helpy-resources.sh\"\n";
			showEnvVarsInLog = 0;
		};
/* End PBXShellScriptBuildPhase section */

/* Begin PBXSourcesBuildPhase section */
		57BACF4B27B7FA59009AE36D /* Sources */ = {
			isa = PBXSourcesBuildPhase;
			buildActionMask = 2147483647;
			files = (
				578E07AD27CE711E00CAF760 /* NewPostSplashScreenViewController.swift in Sources */,
				5765A16227B856FD0024B828 /* UserSignInViewController.swift in Sources */,
				57CEFAB827D13A3D00F0D630 /* PostSearchViewController.swift in Sources */,
				57881EDD27E24596007C2BB0 /* Message.swift in Sources */,
				57881ED727E21C6D007C2BB0 /* ChatViewController.swift in Sources */,
				5765A15C27B850A30024B828 /* FirebaseDatabaseManager.swift in Sources */,
				57BACF5727B7FA59009AE36D /* WelcomeViewController.swift in Sources */,
				570FCAA227BB185A00404003 /* NewPostDescriptionViewController.swift in Sources */,
				575C102A27BC54910014039A /* NewPostConfirmViewController.swift in Sources */,
				57CEFABE27D1866B00F0D630 /* GeocodingData.swift in Sources */,
				57CEFABA27D1646700F0D630 /* PostSearchLocationViewController.swift in Sources */,
				5765A15827B84C4F0024B828 /* Client.swift in Sources */,
				57881EDB27E21D0D007C2BB0 /* MessageCell.swift in Sources */,
				5736C93227BDA1B200970DE9 /* ProHomepageViewController.swift in Sources */,
				57BACF5327B7FA59009AE36D /* AppDelegate.swift in Sources */,
				5753697027B9AA16000E93F0 /* SearchAddressViewController.swift in Sources */,
				5765A16027B8557F0024B828 /* ClientHomepageViewController.swift in Sources */,
				57439B3127BA92A5003C12E3 /* Post.swift in Sources */,
				57C4215027B95152001A93B1 /* Categories.swift in Sources */,
				57439B3827BB0B45003C12E3 /* NewPostTitleViewController.swift in Sources */,
				575C102C27BC5DEE0014039A /* NewPostPostedSuccessfullyViewController.swift in Sources */,
				57C4215627B9752B001A93B1 /* Professional.swift in Sources */,
				5703EF1327D5183000541577 /* UIView+addGradientOnButtonTop.swift in Sources */,
				57439B3427BA950C003C12E3 /* PostCollectionViewCell.swift in Sources */,
				575C102227BBEC350014039A /* String+isTitleCorrectLenght.swift in Sources */,
				57CACEEC27CD1FE500700E6A /* PostDetailsViewController.swift in Sources */,
				5765A15A27B84E9A0024B828 /* Constants.swift in Sources */,
				5765A15E27B852830024B828 /* UserSignUpViewController.swift in Sources */,
				575C102627BC46540014039A /* NewPostPhotoViewController.swift in Sources */,
				57C4215827B9999A001A93B1 /* String+onlyNumbers.swift in Sources */,
				5703EF1A27D52BD500541577 /* ConversationsViewController.swift in Sources */,
				57FFBA4327E208A0005DAE09 /* FirebaseFirestoreChatManager.swift in Sources */,
				57C00DDC27D011CD00B468DB /* ClientMyAccountTableViewCell.swift in Sources */,
				5736C92E27BD29FB00970DE9 /* UITextField+resignFirstResponser.swift in Sources */,
				57BACF5527B7FA59009AE36D /* SceneDelegate.swift in Sources */,
				57C4214E27B94CF3001A93B1 /* ProSignUpViewController.swift in Sources */,
				57C00DD527D00AE300B468DB /* ClientTabBarViewController.swift in Sources */,
				57C00DD727D00D1F00B468DB /* ClientMyAccountViewController.swift in Sources */,
				575C102827BC53590014039A /* UIImageView+roundedCorners.swift in Sources */,
				5765A15627B84AA80024B828 /* FirebaseAuthManager.swift in Sources */,
				5736C93027BD2C5B00970DE9 /* UIView+hideKeyboardOnTap.swift in Sources */,
				57CACEF327CD66F700700E6A /* ApiKeys.swift in Sources */,
				5759673327BEA71F007F0F54 /* ProSignInViewController.swift in Sources */,
				5736C93627BDA5E700970DE9 /* ProSettingsViewController.swift in Sources */,
				57CEFABC27D17FBB00F0D630 /* GooglePlacesService.swift in Sources */,
				57C4215427B965F3001A93B1 /* JobsTableViewController.swift in Sources */,
				5736C93427BDA57200970DE9 /* ProTapBarViewController.swift in Sources */,
				575C102427BC18840014039A /* NewPostAddressViewController.swift in Sources */,
				57CEFAC027D1A3A400F0D630 /* PostSearchResultViewController.swift in Sources */,
				57458DFA27D2C11600D51356 /* UIView+addSeparator.swift in Sources */,
				57C00DDF27D022E200B468DB /* ClientFavoritesViewController.swift in Sources */,
			);
			runOnlyForDeploymentPostprocessing = 0;
		};
		57BACF6127B7FA5A009AE36D /* Sources */ = {
			isa = PBXSourcesBuildPhase;
			buildActionMask = 2147483647;
			files = (
				57BACF6A27B7FA5A009AE36D /* HelpyTests.swift in Sources */,
			);
			runOnlyForDeploymentPostprocessing = 0;
		};
		57BACF6B27B7FA5A009AE36D /* Sources */ = {
			isa = PBXSourcesBuildPhase;
			buildActionMask = 2147483647;
			files = (
			);
			runOnlyForDeploymentPostprocessing = 0;
		};
/* End PBXSourcesBuildPhase section */

/* Begin PBXTargetDependency section */
		57BACF6727B7FA5A009AE36D /* PBXTargetDependency */ = {
			isa = PBXTargetDependency;
			target = 57BACF4E27B7FA59009AE36D /* Helpy */;
			targetProxy = 57BACF6627B7FA5A009AE36D /* PBXContainerItemProxy */;
		};
		57BACF7127B7FA5A009AE36D /* PBXTargetDependency */ = {
			isa = PBXTargetDependency;
			target = 57BACF4E27B7FA59009AE36D /* Helpy */;
			targetProxy = 57BACF7027B7FA5A009AE36D /* PBXContainerItemProxy */;
		};
/* End PBXTargetDependency section */

/* Begin PBXVariantGroup section */
		57BACF5827B7FA59009AE36D /* Main.storyboard */ = {
			isa = PBXVariantGroup;
			children = (
				57BACF5927B7FA59009AE36D /* Base */,
			);
			name = Main.storyboard;
			sourceTree = "<group>";
		};
		57BACF5D27B7FA5A009AE36D /* LaunchScreen.storyboard */ = {
			isa = PBXVariantGroup;
			children = (
				57BACF5E27B7FA5A009AE36D /* Base */,
			);
			name = LaunchScreen.storyboard;
			sourceTree = "<group>";
		};
/* End PBXVariantGroup section */

/* Begin XCBuildConfiguration section */
		57BACF7727B7FA5A009AE36D /* Debug */ = {
			isa = XCBuildConfiguration;
			buildSettings = {
				ALWAYS_SEARCH_USER_PATHS = NO;
				CLANG_ANALYZER_NONNULL = YES;
				CLANG_ANALYZER_NUMBER_OBJECT_CONVERSION = YES_AGGRESSIVE;
				CLANG_CXX_LANGUAGE_STANDARD = "gnu++17";
				CLANG_CXX_LIBRARY = "libc++";
				CLANG_ENABLE_MODULES = YES;
				CLANG_ENABLE_OBJC_ARC = YES;
				CLANG_ENABLE_OBJC_WEAK = YES;
				CLANG_WARN_BLOCK_CAPTURE_AUTORELEASING = YES;
				CLANG_WARN_BOOL_CONVERSION = YES;
				CLANG_WARN_COMMA = YES;
				CLANG_WARN_CONSTANT_CONVERSION = YES;
				CLANG_WARN_DEPRECATED_OBJC_IMPLEMENTATIONS = YES;
				CLANG_WARN_DIRECT_OBJC_ISA_USAGE = YES_ERROR;
				CLANG_WARN_DOCUMENTATION_COMMENTS = YES;
				CLANG_WARN_EMPTY_BODY = YES;
				CLANG_WARN_ENUM_CONVERSION = YES;
				CLANG_WARN_INFINITE_RECURSION = YES;
				CLANG_WARN_INT_CONVERSION = YES;
				CLANG_WARN_NON_LITERAL_NULL_CONVERSION = YES;
				CLANG_WARN_OBJC_IMPLICIT_RETAIN_SELF = YES;
				CLANG_WARN_OBJC_LITERAL_CONVERSION = YES;
				CLANG_WARN_OBJC_ROOT_CLASS = YES_ERROR;
				CLANG_WARN_QUOTED_INCLUDE_IN_FRAMEWORK_HEADER = YES;
				CLANG_WARN_RANGE_LOOP_ANALYSIS = YES;
				CLANG_WARN_STRICT_PROTOTYPES = YES;
				CLANG_WARN_SUSPICIOUS_MOVE = YES;
				CLANG_WARN_UNGUARDED_AVAILABILITY = YES_AGGRESSIVE;
				CLANG_WARN_UNREACHABLE_CODE = YES;
				CLANG_WARN__DUPLICATE_METHOD_MATCH = YES;
				COPY_PHASE_STRIP = NO;
				DEBUG_INFORMATION_FORMAT = dwarf;
				ENABLE_STRICT_OBJC_MSGSEND = YES;
				ENABLE_TESTABILITY = YES;
				GCC_C_LANGUAGE_STANDARD = gnu11;
				GCC_DYNAMIC_NO_PIC = NO;
				GCC_NO_COMMON_BLOCKS = YES;
				GCC_OPTIMIZATION_LEVEL = 0;
				GCC_PREPROCESSOR_DEFINITIONS = (
					"DEBUG=1",
					"$(inherited)",
				);
				GCC_WARN_64_TO_32_BIT_CONVERSION = YES;
				GCC_WARN_ABOUT_RETURN_TYPE = YES_ERROR;
				GCC_WARN_UNDECLARED_SELECTOR = YES;
				GCC_WARN_UNINITIALIZED_AUTOS = YES_AGGRESSIVE;
				GCC_WARN_UNUSED_FUNCTION = YES;
				GCC_WARN_UNUSED_VARIABLE = YES;
				IPHONEOS_DEPLOYMENT_TARGET = 15.2;
				MTL_ENABLE_DEBUG_INFO = INCLUDE_SOURCE;
				MTL_FAST_MATH = YES;
				ONLY_ACTIVE_ARCH = YES;
				OTHER_LDFLAGS = "";
				SDKROOT = iphoneos;
				SWIFT_ACTIVE_COMPILATION_CONDITIONS = DEBUG;
				SWIFT_OPTIMIZATION_LEVEL = "-Onone";
			};
			name = Debug;
		};
		57BACF7827B7FA5A009AE36D /* Release */ = {
			isa = XCBuildConfiguration;
			buildSettings = {
				ALWAYS_SEARCH_USER_PATHS = NO;
				CLANG_ANALYZER_NONNULL = YES;
				CLANG_ANALYZER_NUMBER_OBJECT_CONVERSION = YES_AGGRESSIVE;
				CLANG_CXX_LANGUAGE_STANDARD = "gnu++17";
				CLANG_CXX_LIBRARY = "libc++";
				CLANG_ENABLE_MODULES = YES;
				CLANG_ENABLE_OBJC_ARC = YES;
				CLANG_ENABLE_OBJC_WEAK = YES;
				CLANG_WARN_BLOCK_CAPTURE_AUTORELEASING = YES;
				CLANG_WARN_BOOL_CONVERSION = YES;
				CLANG_WARN_COMMA = YES;
				CLANG_WARN_CONSTANT_CONVERSION = YES;
				CLANG_WARN_DEPRECATED_OBJC_IMPLEMENTATIONS = YES;
				CLANG_WARN_DIRECT_OBJC_ISA_USAGE = YES_ERROR;
				CLANG_WARN_DOCUMENTATION_COMMENTS = YES;
				CLANG_WARN_EMPTY_BODY = YES;
				CLANG_WARN_ENUM_CONVERSION = YES;
				CLANG_WARN_INFINITE_RECURSION = YES;
				CLANG_WARN_INT_CONVERSION = YES;
				CLANG_WARN_NON_LITERAL_NULL_CONVERSION = YES;
				CLANG_WARN_OBJC_IMPLICIT_RETAIN_SELF = YES;
				CLANG_WARN_OBJC_LITERAL_CONVERSION = YES;
				CLANG_WARN_OBJC_ROOT_CLASS = YES_ERROR;
				CLANG_WARN_QUOTED_INCLUDE_IN_FRAMEWORK_HEADER = YES;
				CLANG_WARN_RANGE_LOOP_ANALYSIS = YES;
				CLANG_WARN_STRICT_PROTOTYPES = YES;
				CLANG_WARN_SUSPICIOUS_MOVE = YES;
				CLANG_WARN_UNGUARDED_AVAILABILITY = YES_AGGRESSIVE;
				CLANG_WARN_UNREACHABLE_CODE = YES;
				CLANG_WARN__DUPLICATE_METHOD_MATCH = YES;
				COPY_PHASE_STRIP = NO;
				DEBUG_INFORMATION_FORMAT = "dwarf-with-dsym";
				ENABLE_NS_ASSERTIONS = NO;
				ENABLE_STRICT_OBJC_MSGSEND = YES;
				GCC_C_LANGUAGE_STANDARD = gnu11;
				GCC_NO_COMMON_BLOCKS = YES;
				GCC_WARN_64_TO_32_BIT_CONVERSION = YES;
				GCC_WARN_ABOUT_RETURN_TYPE = YES_ERROR;
				GCC_WARN_UNDECLARED_SELECTOR = YES;
				GCC_WARN_UNINITIALIZED_AUTOS = YES_AGGRESSIVE;
				GCC_WARN_UNUSED_FUNCTION = YES;
				GCC_WARN_UNUSED_VARIABLE = YES;
				IPHONEOS_DEPLOYMENT_TARGET = 15.2;
				MTL_ENABLE_DEBUG_INFO = NO;
				MTL_FAST_MATH = YES;
				OTHER_LDFLAGS = "";
				SDKROOT = iphoneos;
				SWIFT_COMPILATION_MODE = wholemodule;
				SWIFT_OPTIMIZATION_LEVEL = "-O";
				VALIDATE_PRODUCT = YES;
			};
			name = Release;
		};
		57BACF7A27B7FA5A009AE36D /* Debug */ = {
			isa = XCBuildConfiguration;
			baseConfigurationReference = 1E3902642F4340597E00BDA0 /* Pods-Helpy.debug.xcconfig */;
			buildSettings = {
				ASSETCATALOG_COMPILER_APPICON_NAME = AppIcon;
				ASSETCATALOG_COMPILER_GLOBAL_ACCENT_COLOR_NAME = AccentColor;
				CLANG_ENABLE_MODULES = YES;
				CODE_SIGN_STYLE = Automatic;
				CURRENT_PROJECT_VERSION = 1;
				DEVELOPMENT_TEAM = C56BCY6PTD;
				GENERATE_INFOPLIST_FILE = YES;
				INFOPLIST_FILE = Helpy/Info.plist;
				INFOPLIST_KEY_UIApplicationSupportsIndirectInputEvents = YES;
				INFOPLIST_KEY_UILaunchStoryboardName = LaunchScreen;
				INFOPLIST_KEY_UIMainStoryboardFile = Main;
				INFOPLIST_KEY_UISupportedInterfaceOrientations = UIInterfaceOrientationPortrait;
				INFOPLIST_KEY_UISupportedInterfaceOrientations_iPad = "UIInterfaceOrientationPortrait UIInterfaceOrientationPortraitUpsideDown UIInterfaceOrientationLandscapeLeft UIInterfaceOrientationLandscapeRight";
				INFOPLIST_KEY_UISupportedInterfaceOrientations_iPhone = "UIInterfaceOrientationPortrait UIInterfaceOrientationLandscapeLeft UIInterfaceOrientationLandscapeRight";
				IPHONEOS_DEPLOYMENT_TARGET = 15.0;
				LD_RUNPATH_SEARCH_PATHS = (
					"$(inherited)",
					"@executable_path/Frameworks",
				);
				LIBRARY_SEARCH_PATHS = (
					"$(inherited)",
					"$(PROJECT_DIR)",
				);
				MARKETING_VERSION = 1.0;
				PRODUCT_BUNDLE_IDENTIFIER = com.sebios.Helpy;
				PRODUCT_NAME = "$(TARGET_NAME)";
				SWIFT_EMIT_LOC_STRINGS = YES;
				SWIFT_OPTIMIZATION_LEVEL = "-Onone";
				SWIFT_VERSION = 5.0;
				TARGETED_DEVICE_FAMILY = 1;
				VALIDATE_WORKSPACE = NO;
			};
			name = Debug;
		};
		57BACF7B27B7FA5A009AE36D /* Release */ = {
			isa = XCBuildConfiguration;
			baseConfigurationReference = 06ED8701850691B6CD307F85 /* Pods-Helpy.release.xcconfig */;
			buildSettings = {
				ASSETCATALOG_COMPILER_APPICON_NAME = AppIcon;
				ASSETCATALOG_COMPILER_GLOBAL_ACCENT_COLOR_NAME = AccentColor;
				CLANG_ENABLE_MODULES = YES;
				CODE_SIGN_STYLE = Automatic;
				CURRENT_PROJECT_VERSION = 1;
				DEVELOPMENT_TEAM = C56BCY6PTD;
				GENERATE_INFOPLIST_FILE = YES;
				INFOPLIST_FILE = Helpy/Info.plist;
				INFOPLIST_KEY_UIApplicationSupportsIndirectInputEvents = YES;
				INFOPLIST_KEY_UILaunchStoryboardName = LaunchScreen;
				INFOPLIST_KEY_UIMainStoryboardFile = Main;
				INFOPLIST_KEY_UISupportedInterfaceOrientations = UIInterfaceOrientationPortrait;
				INFOPLIST_KEY_UISupportedInterfaceOrientations_iPad = "UIInterfaceOrientationPortrait UIInterfaceOrientationPortraitUpsideDown UIInterfaceOrientationLandscapeLeft UIInterfaceOrientationLandscapeRight";
				INFOPLIST_KEY_UISupportedInterfaceOrientations_iPhone = "UIInterfaceOrientationPortrait UIInterfaceOrientationLandscapeLeft UIInterfaceOrientationLandscapeRight";
				IPHONEOS_DEPLOYMENT_TARGET = 15.0;
				LD_RUNPATH_SEARCH_PATHS = (
					"$(inherited)",
					"@executable_path/Frameworks",
				);
				LIBRARY_SEARCH_PATHS = (
					"$(inherited)",
					"$(PROJECT_DIR)",
				);
				MARKETING_VERSION = 1.0;
				PRODUCT_BUNDLE_IDENTIFIER = com.sebios.Helpy;
				PRODUCT_NAME = "$(TARGET_NAME)";
				SWIFT_EMIT_LOC_STRINGS = YES;
				SWIFT_VERSION = 5.0;
				TARGETED_DEVICE_FAMILY = 1;
				VALIDATE_WORKSPACE = NO;
			};
			name = Release;
		};
		57BACF7D27B7FA5A009AE36D /* Debug */ = {
			isa = XCBuildConfiguration;
			buildSettings = {
				ALWAYS_EMBED_SWIFT_STANDARD_LIBRARIES = YES;
				BUNDLE_LOADER = "$(TEST_HOST)";
				CODE_SIGN_STYLE = Automatic;
				CURRENT_PROJECT_VERSION = 1;
				DEVELOPMENT_TEAM = C56BCY6PTD;
				GENERATE_INFOPLIST_FILE = YES;
				IPHONEOS_DEPLOYMENT_TARGET = 15.2;
				MARKETING_VERSION = 1.0;
				PRODUCT_BUNDLE_IDENTIFIER = com.sebios.HelpyTests;
				PRODUCT_NAME = "$(TARGET_NAME)";
				SWIFT_EMIT_LOC_STRINGS = NO;
				SWIFT_VERSION = 5.0;
				TARGETED_DEVICE_FAMILY = "1,2";
				TEST_HOST = "$(BUILT_PRODUCTS_DIR)/Helpy.app/Helpy";
			};
			name = Debug;
		};
		57BACF7E27B7FA5A009AE36D /* Release */ = {
			isa = XCBuildConfiguration;
			buildSettings = {
				ALWAYS_EMBED_SWIFT_STANDARD_LIBRARIES = YES;
				BUNDLE_LOADER = "$(TEST_HOST)";
				CODE_SIGN_STYLE = Automatic;
				CURRENT_PROJECT_VERSION = 1;
				DEVELOPMENT_TEAM = C56BCY6PTD;
				GENERATE_INFOPLIST_FILE = YES;
				IPHONEOS_DEPLOYMENT_TARGET = 15.2;
				MARKETING_VERSION = 1.0;
				PRODUCT_BUNDLE_IDENTIFIER = com.sebios.HelpyTests;
				PRODUCT_NAME = "$(TARGET_NAME)";
				SWIFT_EMIT_LOC_STRINGS = NO;
				SWIFT_VERSION = 5.0;
				TARGETED_DEVICE_FAMILY = "1,2";
				TEST_HOST = "$(BUILT_PRODUCTS_DIR)/Helpy.app/Helpy";
			};
			name = Release;
		};
		57BACF8027B7FA5A009AE36D /* Debug */ = {
			isa = XCBuildConfiguration;
			buildSettings = {
				ALWAYS_EMBED_SWIFT_STANDARD_LIBRARIES = YES;
				CODE_SIGN_STYLE = Automatic;
				CURRENT_PROJECT_VERSION = 1;
				DEVELOPMENT_TEAM = C56BCY6PTD;
				GENERATE_INFOPLIST_FILE = YES;
				MARKETING_VERSION = 1.0;
				PRODUCT_BUNDLE_IDENTIFIER = com.sebios.HelpyUITests;
				PRODUCT_NAME = "$(TARGET_NAME)";
				SWIFT_EMIT_LOC_STRINGS = NO;
				SWIFT_VERSION = 5.0;
				TARGETED_DEVICE_FAMILY = "1,2";
				TEST_TARGET_NAME = Helpy;
			};
			name = Debug;
		};
		57BACF8127B7FA5A009AE36D /* Release */ = {
			isa = XCBuildConfiguration;
			buildSettings = {
				ALWAYS_EMBED_SWIFT_STANDARD_LIBRARIES = YES;
				CODE_SIGN_STYLE = Automatic;
				CURRENT_PROJECT_VERSION = 1;
				DEVELOPMENT_TEAM = C56BCY6PTD;
				GENERATE_INFOPLIST_FILE = YES;
				MARKETING_VERSION = 1.0;
				PRODUCT_BUNDLE_IDENTIFIER = com.sebios.HelpyUITests;
				PRODUCT_NAME = "$(TARGET_NAME)";
				SWIFT_EMIT_LOC_STRINGS = NO;
				SWIFT_VERSION = 5.0;
				TARGETED_DEVICE_FAMILY = "1,2";
				TEST_TARGET_NAME = Helpy;
			};
			name = Release;
		};
/* End XCBuildConfiguration section */

/* Begin XCConfigurationList section */
		57BACF4A27B7FA58009AE36D /* Build configuration list for PBXProject "Helpy" */ = {
			isa = XCConfigurationList;
			buildConfigurations = (
				57BACF7727B7FA5A009AE36D /* Debug */,
				57BACF7827B7FA5A009AE36D /* Release */,
			);
			defaultConfigurationIsVisible = 0;
			defaultConfigurationName = Release;
		};
		57BACF7927B7FA5A009AE36D /* Build configuration list for PBXNativeTarget "Helpy" */ = {
			isa = XCConfigurationList;
			buildConfigurations = (
				57BACF7A27B7FA5A009AE36D /* Debug */,
				57BACF7B27B7FA5A009AE36D /* Release */,
			);
			defaultConfigurationIsVisible = 0;
			defaultConfigurationName = Release;
		};
		57BACF7C27B7FA5A009AE36D /* Build configuration list for PBXNativeTarget "HelpyTests" */ = {
			isa = XCConfigurationList;
			buildConfigurations = (
				57BACF7D27B7FA5A009AE36D /* Debug */,
				57BACF7E27B7FA5A009AE36D /* Release */,
			);
			defaultConfigurationIsVisible = 0;
			defaultConfigurationName = Release;
		};
		57BACF7F27B7FA5A009AE36D /* Build configuration list for PBXNativeTarget "HelpyUITests" */ = {
			isa = XCConfigurationList;
			buildConfigurations = (
				57BACF8027B7FA5A009AE36D /* Debug */,
				57BACF8127B7FA5A009AE36D /* Release */,
			);
			defaultConfigurationIsVisible = 0;
			defaultConfigurationName = Release;
		};
/* End XCConfigurationList section */

/* Begin XCRemoteSwiftPackageReference section */
		5703EF1627D52A6900541577 /* XCRemoteSwiftPackageReference "MessageKit" */ = {
			isa = XCRemoteSwiftPackageReference;
			repositoryURL = "https://github.com/MessageKit/MessageKit";
			requirement = {
				kind = upToNextMajorVersion;
				minimumVersion = 3.0.0;
			};
		};
		5703EF1B27D52EC700541577 /* XCRemoteSwiftPackageReference "JGProgressHUD" */ = {
			isa = XCRemoteSwiftPackageReference;
			repositoryURL = "https://github.com/JonasGessner/JGProgressHUD.git";
			requirement = {
				kind = upToNextMajorVersion;
				minimumVersion = 2.0.0;
			};
		};
		5755BE7727CC24F00007F86A /* XCRemoteSwiftPackageReference "firebase-ios-sdk" */ = {
			isa = XCRemoteSwiftPackageReference;
			repositoryURL = "https://github.com/firebase/firebase-ios-sdk.git";
			requirement = {
				kind = upToNextMajorVersion;
				minimumVersion = 8.0.0;
			};
		};
/* End XCRemoteSwiftPackageReference section */

/* Begin XCSwiftPackageProductDependency section */
		5703EF1727D52A6900541577 /* MessageKit */ = {
			isa = XCSwiftPackageProductDependency;
			package = 5703EF1627D52A6900541577 /* XCRemoteSwiftPackageReference "MessageKit" */;
			productName = MessageKit;
		};
		5703EF1C27D52EC700541577 /* JGProgressHUD */ = {
			isa = XCSwiftPackageProductDependency;
			package = 5703EF1B27D52EC700541577 /* XCRemoteSwiftPackageReference "JGProgressHUD" */;
			productName = JGProgressHUD;
		};
		5755BE7827CC24F00007F86A /* FirebaseAppCheck */ = {
			isa = XCSwiftPackageProductDependency;
			package = 5755BE7727CC24F00007F86A /* XCRemoteSwiftPackageReference "firebase-ios-sdk" */;
			productName = FirebaseAppCheck;
		};
		5755BE7A27CC24F00007F86A /* FirebaseAuth */ = {
			isa = XCSwiftPackageProductDependency;
			package = 5755BE7727CC24F00007F86A /* XCRemoteSwiftPackageReference "firebase-ios-sdk" */;
			productName = FirebaseAuth;
		};
		5755BE7C27CC24F00007F86A /* FirebaseDatabase */ = {
			isa = XCSwiftPackageProductDependency;
			package = 5755BE7727CC24F00007F86A /* XCRemoteSwiftPackageReference "firebase-ios-sdk" */;
			productName = FirebaseDatabase;
		};
		5755BE7E27CC24F00007F86A /* FirebaseFirestore */ = {
			isa = XCSwiftPackageProductDependency;
			package = 5755BE7727CC24F00007F86A /* XCRemoteSwiftPackageReference "firebase-ios-sdk" */;
			productName = FirebaseFirestore;
		};
		5755BE8027CC24F00007F86A /* FirebaseStorage */ = {
			isa = XCSwiftPackageProductDependency;
			package = 5755BE7727CC24F00007F86A /* XCRemoteSwiftPackageReference "firebase-ios-sdk" */;
			productName = FirebaseStorage;
		};
/* End XCSwiftPackageProductDependency section */
	};
	rootObject = 57BACF4727B7FA58009AE36D /* Project object */;
}
