// !$*UTF8*$!
{
	archiveVersion = 1;
	classes = {
	};
	objectVersion = 55;
	objects = {

/* Begin PBXBuildFile section */
		57BACF5327B7FA59009AE36D /* AppDelegate.swift in Sources */ = {isa = PBXBuildFile; fileRef = 57BACF5227B7FA59009AE36D /* AppDelegate.swift */; };
		57BACF5527B7FA59009AE36D /* SceneDelegate.swift in Sources */ = {isa = PBXBuildFile; fileRef = 57BACF5427B7FA59009AE36D /* SceneDelegate.swift */; };
		57BACF5727B7FA59009AE36D /* WelcomeViewController.swift in Sources */ = {isa = PBXBuildFile; fileRef = 57BACF5627B7FA59009AE36D /* WelcomeViewController.swift */; };
		57BACF5A27B7FA59009AE36D /* Main.storyboard in Resources */ = {isa = PBXBuildFile; fileRef = 57BACF5827B7FA59009AE36D /* Main.storyboard */; };
		57BACF5C27B7FA5A009AE36D /* Assets.xcassets in Resources */ = {isa = PBXBuildFile; fileRef = 57BACF5B27B7FA5A009AE36D /* Assets.xcassets */; };
		57BACF5F27B7FA5A009AE36D /* LaunchScreen.storyboard in Resources */ = {isa = PBXBuildFile; fileRef = 57BACF5D27B7FA5A009AE36D /* LaunchScreen.storyboard */; };
		57BACF6A27B7FA5A009AE36D /* HelpyTests.swift in Sources */ = {isa = PBXBuildFile; fileRef = 57BACF6927B7FA5A009AE36D /* HelpyTests.swift */; };
/* End PBXBuildFile section */

/* Begin PBXContainerItemProxy section */
		57BACF6627B7FA5A009AE36D /* PBXContainerItemProxy */ = {
			isa = PBXContainerItemProxy;
			containerPortal = 57BACF4727B7FA58009AE36D /* Project object */;
			proxyType = 1;
			remoteGlobalIDString = 57BACF4E27B7FA59009AE36D;
			remoteInfo = Helpy;
		};
		57BACF7027B7FA5A009AE36D /* PBXContainerItemProxy */ = {
			isa = PBXContainerItemProxy;
			containerPortal = 57BACF4727B7FA58009AE36D /* Project object */;
			proxyType = 1;
			remoteGlobalIDString = 57BACF4E27B7FA59009AE36D;
			remoteInfo = Helpy;
		};
/* End PBXContainerItemProxy section */

/* Begin PBXFileReference section */
		57BACF4F27B7FA59009AE36D /* Helpy.app */ = {isa = PBXFileReference; explicitFileType = wrapper.application; includeInIndex = 0; path = Helpy.app; sourceTree = BUILT_PRODUCTS_DIR; };
		57BACF5227B7FA59009AE36D /* AppDelegate.swift */ = {isa = PBXFileReference; lastKnownFileType = sourcecode.swift; path = AppDelegate.swift; sourceTree = "<group>"; };
		57BACF5427B7FA59009AE36D /* SceneDelegate.swift */ = {isa = PBXFileReference; lastKnownFileType = sourcecode.swift; path = SceneDelegate.swift; sourceTree = "<group>"; };
		57BACF5627B7FA59009AE36D /* WelcomeViewController.swift */ = {isa = PBXFileReference; lastKnownFileType = sourcecode.swift; path = WelcomeViewController.swift; sourceTree = "<group>"; };
		57BACF5927B7FA59009AE36D /* Base */ = {isa = PBXFileReference; lastKnownFileType = file.storyboard; name = Base; path = Base.lproj/Main.storyboard; sourceTree = "<group>"; };
		57BACF5B27B7FA5A009AE36D /* Assets.xcassets */ = {isa = PBXFileReference; lastKnownFileType = folder.assetcatalog; path = Assets.xcassets; sourceTree = "<group>"; };
		57BACF5E27B7FA5A009AE36D /* Base */ = {isa = PBXFileReference; lastKnownFileType = file.storyboard; name = Base; path = Base.lproj/LaunchScreen.storyboard; sourceTree = "<group>"; };
		57BACF6027B7FA5A009AE36D /* Info.plist */ = {isa = PBXFileReference; lastKnownFileType = text.plist.xml; path = Info.plist; sourceTree = "<group>"; };
		57BACF6527B7FA5A009AE36D /* HelpyTests.xctest */ = {isa = PBXFileReference; explicitFileType = wrapper.cfbundle; includeInIndex = 0; path = HelpyTests.xctest; sourceTree = BUILT_PRODUCTS_DIR; };
		57BACF6927B7FA5A009AE36D /* HelpyTests.swift */ = {isa = PBXFileReference; lastKnownFileType = sourcecode.swift; path = HelpyTests.swift; sourceTree = "<group>"; };
		57BACF6F27B7FA5A009AE36D /* HelpyUITests.xctest */ = {isa = PBXFileReference; explicitFileType = wrapper.cfbundle; includeInIndex = 0; path = HelpyUITests.xctest; sourceTree = BUILT_PRODUCTS_DIR; };
/* End PBXFileReference section */

/* Begin PBXFrameworksBuildPhase section */
		57BACF4C27B7FA59009AE36D /* Frameworks */ = {
			isa = PBXFrameworksBuildPhase;
			buildActionMask = 2147483647;
			files = (
			);
			runOnlyForDeploymentPostprocessing = 0;
		};
		57BACF6227B7FA5A009AE36D /* Frameworks */ = {
			isa = PBXFrameworksBuildPhase;
			buildActionMask = 2147483647;
			files = (
			);
			runOnlyForDeploymentPostprocessing = 0;
		};
		57BACF6C27B7FA5A009AE36D /* Frameworks */ = {
			isa = PBXFrameworksBuildPhase;
			buildActionMask = 2147483647;
			files = (
			);
			runOnlyForDeploymentPostprocessing = 0;
		};
/* End PBXFrameworksBuildPhase section */

/* Begin PBXGroup section */
		57BACF4627B7FA58009AE36D = {
			isa = PBXGroup;
			children = (
				57BACF5127B7FA59009AE36D /* Helpy */,
				57BACF6827B7FA5A009AE36D /* HelpyTests */,
				57BACF5027B7FA59009AE36D /* Products */,
			);
			sourceTree = "<group>";
		};
		57BACF5027B7FA59009AE36D /* Products */ = {
			isa = PBXGroup;
			children = (
				57BACF4F27B7FA59009AE36D /* Helpy.app */,
				57BACF6527B7FA5A009AE36D /* HelpyTests.xctest */,
				57BACF6F27B7FA5A009AE36D /* HelpyUITests.xctest */,
			);
			name = Products;
			sourceTree = "<group>";
		};
		57BACF5127B7FA59009AE36D /* Helpy */ = {
			isa = PBXGroup;
			children = (
				57BACF8227B7FD6A009AE36D /* Controllers */,
				57BACF8327B7FD78009AE36D /* Views */,
				57BACF5227B7FA59009AE36D /* AppDelegate.swift */,
				57BACF5427B7FA59009AE36D /* SceneDelegate.swift */,
				57BACF5B27B7FA5A009AE36D /* Assets.xcassets */,
				57BACF6027B7FA5A009AE36D /* Info.plist */,
			);
			path = Helpy;
			sourceTree = "<group>";
		};
		57BACF6827B7FA5A009AE36D /* HelpyTests */ = {
			isa = PBXGroup;
			children = (
				57BACF6927B7FA5A009AE36D /* HelpyTests.swift */,
			);
			path = HelpyTests;
			sourceTree = "<group>";
		};
		57BACF8227B7FD6A009AE36D /* Controllers */ = {
			isa = PBXGroup;
			children = (
				57BACF5627B7FA59009AE36D /* WelcomeViewController.swift */,
			);
			path = Controllers;
			sourceTree = "<group>";
		};
		57BACF8327B7FD78009AE36D /* Views */ = {
			isa = PBXGroup;
			children = (
				57BACF5827B7FA59009AE36D /* Main.storyboard */,
				57BACF5D27B7FA5A009AE36D /* LaunchScreen.storyboard */,
			);
			path = Views;
			sourceTree = "<group>";
		};
/* End PBXGroup section */

/* Begin PBXNativeTarget section */
		57BACF4E27B7FA59009AE36D /* Helpy */ = {
			isa = PBXNativeTarget;
			buildConfigurationList = 57BACF7927B7FA5A009AE36D /* Build configuration list for PBXNativeTarget "Helpy" */;
			buildPhases = (
				57BACF4B27B7FA59009AE36D /* Sources */,
				57BACF4C27B7FA59009AE36D /* Frameworks */,
				57BACF4D27B7FA59009AE36D /* Resources */,
			);
			buildRules = (
			);
			dependencies = (
			);
			name = Helpy;
			productName = Helpy;
			productReference = 57BACF4F27B7FA59009AE36D /* Helpy.app */;
			productType = "com.apple.product-type.application";
		};
		57BACF6427B7FA5A009AE36D /* HelpyTests */ = {
			isa = PBXNativeTarget;
			buildConfigurationList = 57BACF7C27B7FA5A009AE36D /* Build configuration list for PBXNativeTarget "HelpyTests" */;
			buildPhases = (
				57BACF6127B7FA5A009AE36D /* Sources */,
				57BACF6227B7FA5A009AE36D /* Frameworks */,
				57BACF6327B7FA5A009AE36D /* Resources */,
			);
			buildRules = (
			);
			dependencies = (
				57BACF6727B7FA5A009AE36D /* PBXTargetDependency */,
			);
			name = HelpyTests;
			productName = HelpyTests;
			productReference = 57BACF6527B7FA5A009AE36D /* HelpyTests.xctest */;
			productType = "com.apple.product-type.bundle.unit-test";
		};
		57BACF6E27B7FA5A009AE36D /* HelpyUITests */ = {
			isa = PBXNativeTarget;
			buildConfigurationList = 57BACF7F27B7FA5A009AE36D /* Build configuration list for PBXNativeTarget "HelpyUITests" */;
			buildPhases = (
				57BACF6B27B7FA5A009AE36D /* Sources */,
				57BACF6C27B7FA5A009AE36D /* Frameworks */,
				57BACF6D27B7FA5A009AE36D /* Resources */,
			);
			buildRules = (
			);
			dependencies = (
				57BACF7127B7FA5A009AE36D /* PBXTargetDependency */,
			);
			name = HelpyUITests;
			productName = HelpyUITests;
			productReference = 57BACF6F27B7FA5A009AE36D /* HelpyUITests.xctest */;
			productType = "com.apple.product-type.bundle.ui-testing";
		};
/* End PBXNativeTarget section */

/* Begin PBXProject section */
		57BACF4727B7FA58009AE36D /* Project object */ = {
			isa = PBXProject;
			attributes = {
				BuildIndependentTargetsInParallel = 1;
				LastSwiftUpdateCheck = 1320;
				LastUpgradeCheck = 1320;
				TargetAttributes = {
					57BACF4E27B7FA59009AE36D = {
						CreatedOnToolsVersion = 13.2.1;
					};
					57BACF6427B7FA5A009AE36D = {
						CreatedOnToolsVersion = 13.2.1;
						TestTargetID = 57BACF4E27B7FA59009AE36D;
					};
					57BACF6E27B7FA5A009AE36D = {
						CreatedOnToolsVersion = 13.2.1;
						TestTargetID = 57BACF4E27B7FA59009AE36D;
					};
				};
			};
			buildConfigurationList = 57BACF4A27B7FA58009AE36D /* Build configuration list for PBXProject "Helpy" */;
			compatibilityVersion = "Xcode 13.0";
			developmentRegion = en;
			hasScannedForEncodings = 0;
			knownRegions = (
				en,
				Base,
			);
			mainGroup = 57BACF4627B7FA58009AE36D;
			productRefGroup = 57BACF5027B7FA59009AE36D /* Products */;
			projectDirPath = "";
			projectRoot = "";
			targets = (
				57BACF4E27B7FA59009AE36D /* Helpy */,
				57BACF6427B7FA5A009AE36D /* HelpyTests */,
				57BACF6E27B7FA5A009AE36D /* HelpyUITests */,
			);
		};
/* End PBXProject section */

/* Begin PBXResourcesBuildPhase section */
		57BACF4D27B7FA59009AE36D /* Resources */ = {
			isa = PBXResourcesBuildPhase;
			buildActionMask = 2147483647;
			files = (
				57BACF5F27B7FA5A009AE36D /* LaunchScreen.storyboard in Resources */,
				57BACF5C27B7FA5A009AE36D /* Assets.xcassets in Resources */,
				57BACF5A27B7FA59009AE36D /* Main.storyboard in Resources */,
			);
			runOnlyForDeploymentPostprocessing = 0;
		};
		57BACF6327B7FA5A009AE36D /* Resources */ = {
			isa = PBXResourcesBuildPhase;
			buildActionMask = 2147483647;
			files = (
			);
			runOnlyForDeploymentPostprocessing = 0;
		};
		57BACF6D27B7FA5A009AE36D /* Resources */ = {
			isa = PBXResourcesBuildPhase;
			buildActionMask = 2147483647;
			files = (
			);
			runOnlyForDeploymentPostprocessing = 0;
		};
/* End PBXResourcesBuildPhase section */

/* Begin PBXSourcesBuildPhase section */
		57BACF4B27B7FA59009AE36D /* Sources */ = {
			isa = PBXSourcesBuildPhase;
			buildActionMask = 2147483647;
			files = (
				57BACF5727B7FA59009AE36D /* WelcomeViewController.swift in Sources */,
				57BACF5327B7FA59009AE36D /* AppDelegate.swift in Sources */,
				57BACF5527B7FA59009AE36D /* SceneDelegate.swift in Sources */,
			);
			runOnlyForDeploymentPostprocessing = 0;
		};
		57BACF6127B7FA5A009AE36D /* Sources */ = {
			isa = PBXSourcesBuildPhase;
			buildActionMask = 2147483647;
			files = (
				57BACF6A27B7FA5A009AE36D /* HelpyTests.swift in Sources */,
			);
			runOnlyForDeploymentPostprocessing = 0;
		};
		57BACF6B27B7FA5A009AE36D /* Sources */ = {
			isa = PBXSourcesBuildPhase;
			buildActionMask = 2147483647;
			files = (
			);
			runOnlyForDeploymentPostprocessing = 0;
		};
/* End PBXSourcesBuildPhase section */

/* Begin PBXTargetDependency section */
		57BACF6727B7FA5A009AE36D /* PBXTargetDependency */ = {
			isa = PBXTargetDependency;
			target = 57BACF4E27B7FA59009AE36D /* Helpy */;
			targetProxy = 57BACF6627B7FA5A009AE36D /* PBXContainerItemProxy */;
		};
		57BACF7127B7FA5A009AE36D /* PBXTargetDependency */ = {
			isa = PBXTargetDependency;
			target = 57BACF4E27B7FA59009AE36D /* Helpy */;
			targetProxy = 57BACF7027B7FA5A009AE36D /* PBXContainerItemProxy */;
		};
/* End PBXTargetDependency section */

/* Begin PBXVariantGroup section */
		57BACF5827B7FA59009AE36D /* Main.storyboard */ = {
			isa = PBXVariantGroup;
			children = (
				57BACF5927B7FA59009AE36D /* Base */,
			);
			name = Main.storyboard;
			sourceTree = "<group>";
		};
		57BACF5D27B7FA5A009AE36D /* LaunchScreen.storyboard */ = {
			isa = PBXVariantGroup;
			children = (
				57BACF5E27B7FA5A009AE36D /* Base */,
			);
			name = LaunchScreen.storyboard;
			sourceTree = "<group>";
		};
/* End PBXVariantGroup section */

/* Begin XCBuildConfiguration section */
		57BACF7727B7FA5A009AE36D /* Debug */ = {
			isa = XCBuildConfiguration;
			buildSettings = {
				ALWAYS_SEARCH_USER_PATHS = NO;
				CLANG_ANALYZER_NONNULL = YES;
				CLANG_ANALYZER_NUMBER_OBJECT_CONVERSION = YES_AGGRESSIVE;
				CLANG_CXX_LANGUAGE_STANDARD = "gnu++17";
				CLANG_CXX_LIBRARY = "libc++";
				CLANG_ENABLE_MODULES = YES;
				CLANG_ENABLE_OBJC_ARC = YES;
				CLANG_ENABLE_OBJC_WEAK = YES;
				CLANG_WARN_BLOCK_CAPTURE_AUTORELEASING = YES;
				CLANG_WARN_BOOL_CONVERSION = YES;
				CLANG_WARN_COMMA = YES;
				CLANG_WARN_CONSTANT_CONVERSION = YES;
				CLANG_WARN_DEPRECATED_OBJC_IMPLEMENTATIONS = YES;
				CLANG_WARN_DIRECT_OBJC_ISA_USAGE = YES_ERROR;
				CLANG_WARN_DOCUMENTATION_COMMENTS = YES;
				CLANG_WARN_EMPTY_BODY = YES;
				CLANG_WARN_ENUM_CONVERSION = YES;
				CLANG_WARN_INFINITE_RECURSION = YES;
				CLANG_WARN_INT_CONVERSION = YES;
				CLANG_WARN_NON_LITERAL_NULL_CONVERSION = YES;
				CLANG_WARN_OBJC_IMPLICIT_RETAIN_SELF = YES;
				CLANG_WARN_OBJC_LITERAL_CONVERSION = YES;
				CLANG_WARN_OBJC_ROOT_CLASS = YES_ERROR;
				CLANG_WARN_QUOTED_INCLUDE_IN_FRAMEWORK_HEADER = YES;
				CLANG_WARN_RANGE_LOOP_ANALYSIS = YES;
				CLANG_WARN_STRICT_PROTOTYPES = YES;
				CLANG_WARN_SUSPICIOUS_MOVE = YES;
				CLANG_WARN_UNGUARDED_AVAILABILITY = YES_AGGRESSIVE;
				CLANG_WARN_UNREACHABLE_CODE = YES;
				CLANG_WARN__DUPLICATE_METHOD_MATCH = YES;
				COPY_PHASE_STRIP = NO;
				DEBUG_INFORMATION_FORMAT = dwarf;
				ENABLE_STRICT_OBJC_MSGSEND = YES;
				ENABLE_TESTABILITY = YES;
				GCC_C_LANGUAGE_STANDARD = gnu11;
				GCC_DYNAMIC_NO_PIC = NO;
				GCC_NO_COMMON_BLOCKS = YES;
				GCC_OPTIMIZATION_LEVEL = 0;
				GCC_PREPROCESSOR_DEFINITIONS = (
					"DEBUG=1",
					"$(inherited)",
				);
				GCC_WARN_64_TO_32_BIT_CONVERSION = YES;
				GCC_WARN_ABOUT_RETURN_TYPE = YES_ERROR;
				GCC_WARN_UNDECLARED_SELECTOR = YES;
				GCC_WARN_UNINITIALIZED_AUTOS = YES_AGGRESSIVE;
				GCC_WARN_UNUSED_FUNCTION = YES;
				GCC_WARN_UNUSED_VARIABLE = YES;
				IPHONEOS_DEPLOYMENT_TARGET = 15.2;
				MTL_ENABLE_DEBUG_INFO = INCLUDE_SOURCE;
				MTL_FAST_MATH = YES;
				ONLY_ACTIVE_ARCH = YES;
				SDKROOT = iphoneos;
				SWIFT_ACTIVE_COMPILATION_CONDITIONS = DEBUG;
				SWIFT_OPTIMIZATION_LEVEL = "-Onone";
			};
			name = Debug;
		};
		57BACF7827B7FA5A009AE36D /* Release */ = {
			isa = XCBuildConfiguration;
			buildSettings = {
				ALWAYS_SEARCH_USER_PATHS = NO;
				CLANG_ANALYZER_NONNULL = YES;
				CLANG_ANALYZER_NUMBER_OBJECT_CONVERSION = YES_AGGRESSIVE;
				CLANG_CXX_LANGUAGE_STANDARD = "gnu++17";
				CLANG_CXX_LIBRARY = "libc++";
				CLANG_ENABLE_MODULES = YES;
				CLANG_ENABLE_OBJC_ARC = YES;
				CLANG_ENABLE_OBJC_WEAK = YES;
				CLANG_WARN_BLOCK_CAPTURE_AUTORELEASING = YES;
				CLANG_WARN_BOOL_CONVERSION = YES;
				CLANG_WARN_COMMA = YES;
				CLANG_WARN_CONSTANT_CONVERSION = YES;
				CLANG_WARN_DEPRECATED_OBJC_IMPLEMENTATIONS = YES;
				CLANG_WARN_DIRECT_OBJC_ISA_USAGE = YES_ERROR;
				CLANG_WARN_DOCUMENTATION_COMMENTS = YES;
				CLANG_WARN_EMPTY_BODY = YES;
				CLANG_WARN_ENUM_CONVERSION = YES;
				CLANG_WARN_INFINITE_RECURSION = YES;
				CLANG_WARN_INT_CONVERSION = YES;
				CLANG_WARN_NON_LITERAL_NULL_CONVERSION = YES;
				CLANG_WARN_OBJC_IMPLICIT_RETAIN_SELF = YES;
				CLANG_WARN_OBJC_LITERAL_CONVERSION = YES;
				CLANG_WARN_OBJC_ROOT_CLASS = YES_ERROR;
				CLANG_WARN_QUOTED_INCLUDE_IN_FRAMEWORK_HEADER = YES;
				CLANG_WARN_RANGE_LOOP_ANALYSIS = YES;
				CLANG_WARN_STRICT_PROTOTYPES = YES;
				CLANG_WARN_SUSPICIOUS_MOVE = YES;
				CLANG_WARN_UNGUARDED_AVAILABILITY = YES_AGGRESSIVE;
				CLANG_WARN_UNREACHABLE_CODE = YES;
				CLANG_WARN__DUPLICATE_METHOD_MATCH = YES;
				COPY_PHASE_STRIP = NO;
				DEBUG_INFORMATION_FORMAT = "dwarf-with-dsym";
				ENABLE_NS_ASSERTIONS = NO;
				ENABLE_STRICT_OBJC_MSGSEND = YES;
				GCC_C_LANGUAGE_STANDARD = gnu11;
				GCC_NO_COMMON_BLOCKS = YES;
				GCC_WARN_64_TO_32_BIT_CONVERSION = YES;
				GCC_WARN_ABOUT_RETURN_TYPE = YES_ERROR;
				GCC_WARN_UNDECLARED_SELECTOR = YES;
				GCC_WARN_UNINITIALIZED_AUTOS = YES_AGGRESSIVE;
				GCC_WARN_UNUSED_FUNCTION = YES;
				GCC_WARN_UNUSED_VARIABLE = YES;
				IPHONEOS_DEPLOYMENT_TARGET = 15.2;
				MTL_ENABLE_DEBUG_INFO = NO;
				MTL_FAST_MATH = YES;
				SDKROOT = iphoneos;
				SWIFT_COMPILATION_MODE = wholemodule;
				SWIFT_OPTIMIZATION_LEVEL = "-O";
				VALIDATE_PRODUCT = YES;
			};
			name = Release;
		};
		57BACF7A27B7FA5A009AE36D /* Debug */ = {
			isa = XCBuildConfiguration;
			buildSettings = {
				ASSETCATALOG_COMPILER_APPICON_NAME = AppIcon;
				ASSETCATALOG_COMPILER_GLOBAL_ACCENT_COLOR_NAME = AccentColor;
				CODE_SIGN_STYLE = Automatic;
				CURRENT_PROJECT_VERSION = 1;
				DEVELOPMENT_TEAM = C56BCY6PTD;
				GENERATE_INFOPLIST_FILE = YES;
				INFOPLIST_FILE = Helpy/Info.plist;
				INFOPLIST_KEY_UIApplicationSupportsIndirectInputEvents = YES;
				INFOPLIST_KEY_UILaunchStoryboardName = LaunchScreen;
				INFOPLIST_KEY_UIMainStoryboardFile = Main;
				INFOPLIST_KEY_UISupportedInterfaceOrientations = UIInterfaceOrientationPortrait;
				INFOPLIST_KEY_UISupportedInterfaceOrientations_iPad = "UIInterfaceOrientationPortrait UIInterfaceOrientationPortraitUpsideDown UIInterfaceOrientationLandscapeLeft UIInterfaceOrientationLandscapeRight";
				INFOPLIST_KEY_UISupportedInterfaceOrientations_iPhone = "UIInterfaceOrientationPortrait UIInterfaceOrientationLandscapeLeft UIInterfaceOrientationLandscapeRight";
				IPHONEOS_DEPLOYMENT_TARGET = 15.0;
				LD_RUNPATH_SEARCH_PATHS = (
					"$(inherited)",
					"@executable_path/Frameworks",
				);
				MARKETING_VERSION = 1.0;
				PRODUCT_BUNDLE_IDENTIFIER = com.sebios.Helpy;
				PRODUCT_NAME = "$(TARGET_NAME)";
				SWIFT_EMIT_LOC_STRINGS = YES;
				SWIFT_VERSION = 5.0;
				TARGETED_DEVICE_FAMILY = 1;
			};
			name = Debug;
		};
		57BACF7B27B7FA5A009AE36D /* Release */ = {
			isa = XCBuildConfiguration;
			buildSettings = {
				ASSETCATALOG_COMPILER_APPICON_NAME = AppIcon;
				ASSETCATALOG_COMPILER_GLOBAL_ACCENT_COLOR_NAME = AccentColor;
				CODE_SIGN_STYLE = Automatic;
				CURRENT_PROJECT_VERSION = 1;
				DEVELOPMENT_TEAM = C56BCY6PTD;
				GENERATE_INFOPLIST_FILE = YES;
				INFOPLIST_FILE = Helpy/Info.plist;
				INFOPLIST_KEY_UIApplicationSupportsIndirectInputEvents = YES;
				INFOPLIST_KEY_UILaunchStoryboardName = LaunchScreen;
				INFOPLIST_KEY_UIMainStoryboardFile = Main;
				INFOPLIST_KEY_UISupportedInterfaceOrientations = UIInterfaceOrientationPortrait;
				INFOPLIST_KEY_UISupportedInterfaceOrientations_iPad = "UIInterfaceOrientationPortrait UIInterfaceOrientationPortraitUpsideDown UIInterfaceOrientationLandscapeLeft UIInterfaceOrientationLandscapeRight";
				INFOPLIST_KEY_UISupportedInterfaceOrientations_iPhone = "UIInterfaceOrientationPortrait UIInterfaceOrientationLandscapeLeft UIInterfaceOrientationLandscapeRight";
				IPHONEOS_DEPLOYMENT_TARGET = 15.0;
				LD_RUNPATH_SEARCH_PATHS = (
					"$(inherited)",
					"@executable_path/Frameworks",
				);
				MARKETING_VERSION = 1.0;
				PRODUCT_BUNDLE_IDENTIFIER = com.sebios.Helpy;
				PRODUCT_NAME = "$(TARGET_NAME)";
				SWIFT_EMIT_LOC_STRINGS = YES;
				SWIFT_VERSION = 5.0;
				TARGETED_DEVICE_FAMILY = 1;
			};
			name = Release;
		};
		57BACF7D27B7FA5A009AE36D /* Debug */ = {
			isa = XCBuildConfiguration;
			buildSettings = {
				ALWAYS_EMBED_SWIFT_STANDARD_LIBRARIES = YES;
				BUNDLE_LOADER = "$(TEST_HOST)";
				CODE_SIGN_STYLE = Automatic;
				CURRENT_PROJECT_VERSION = 1;
				DEVELOPMENT_TEAM = C56BCY6PTD;
				GENERATE_INFOPLIST_FILE = YES;
				IPHONEOS_DEPLOYMENT_TARGET = 15.2;
				MARKETING_VERSION = 1.0;
				PRODUCT_BUNDLE_IDENTIFIER = com.sebios.HelpyTests;
				PRODUCT_NAME = "$(TARGET_NAME)";
				SWIFT_EMIT_LOC_STRINGS = NO;
				SWIFT_VERSION = 5.0;
				TARGETED_DEVICE_FAMILY = "1,2";
				TEST_HOST = "$(BUILT_PRODUCTS_DIR)/Helpy.app/Helpy";
			};
			name = Debug;
		};
		57BACF7E27B7FA5A009AE36D /* Release */ = {
			isa = XCBuildConfiguration;
			buildSettings = {
				ALWAYS_EMBED_SWIFT_STANDARD_LIBRARIES = YES;
				BUNDLE_LOADER = "$(TEST_HOST)";
				CODE_SIGN_STYLE = Automatic;
				CURRENT_PROJECT_VERSION = 1;
				DEVELOPMENT_TEAM = C56BCY6PTD;
				GENERATE_INFOPLIST_FILE = YES;
				IPHONEOS_DEPLOYMENT_TARGET = 15.2;
				MARKETING_VERSION = 1.0;
				PRODUCT_BUNDLE_IDENTIFIER = com.sebios.HelpyTests;
				PRODUCT_NAME = "$(TARGET_NAME)";
				SWIFT_EMIT_LOC_STRINGS = NO;
				SWIFT_VERSION = 5.0;
				TARGETED_DEVICE_FAMILY = "1,2";
				TEST_HOST = "$(BUILT_PRODUCTS_DIR)/Helpy.app/Helpy";
			};
			name = Release;
		};
		57BACF8027B7FA5A009AE36D /* Debug */ = {
			isa = XCBuildConfiguration;
			buildSettings = {
				ALWAYS_EMBED_SWIFT_STANDARD_LIBRARIES = YES;
				CODE_SIGN_STYLE = Automatic;
				CURRENT_PROJECT_VERSION = 1;
				DEVELOPMENT_TEAM = C56BCY6PTD;
				GENERATE_INFOPLIST_FILE = YES;
				MARKETING_VERSION = 1.0;
				PRODUCT_BUNDLE_IDENTIFIER = com.sebios.HelpyUITests;
				PRODUCT_NAME = "$(TARGET_NAME)";
				SWIFT_EMIT_LOC_STRINGS = NO;
				SWIFT_VERSION = 5.0;
				TARGETED_DEVICE_FAMILY = "1,2";
				TEST_TARGET_NAME = Helpy;
			};
			name = Debug;
		};
		57BACF8127B7FA5A009AE36D /* Release */ = {
			isa = XCBuildConfiguration;
			buildSettings = {
				ALWAYS_EMBED_SWIFT_STANDARD_LIBRARIES = YES;
				CODE_SIGN_STYLE = Automatic;
				CURRENT_PROJECT_VERSION = 1;
				DEVELOPMENT_TEAM = C56BCY6PTD;
				GENERATE_INFOPLIST_FILE = YES;
				MARKETING_VERSION = 1.0;
				PRODUCT_BUNDLE_IDENTIFIER = com.sebios.HelpyUITests;
				PRODUCT_NAME = "$(TARGET_NAME)";
				SWIFT_EMIT_LOC_STRINGS = NO;
				SWIFT_VERSION = 5.0;
				TARGETED_DEVICE_FAMILY = "1,2";
				TEST_TARGET_NAME = Helpy;
			};
			name = Release;
		};
/* End XCBuildConfiguration section */

/* Begin XCConfigurationList section */
		57BACF4A27B7FA58009AE36D /* Build configuration list for PBXProject "Helpy" */ = {
			isa = XCConfigurationList;
			buildConfigurations = (
				57BACF7727B7FA5A009AE36D /* Debug */,
				57BACF7827B7FA5A009AE36D /* Release */,
			);
			defaultConfigurationIsVisible = 0;
			defaultConfigurationName = Release;
		};
		57BACF7927B7FA5A009AE36D /* Build configuration list for PBXNativeTarget "Helpy" */ = {
			isa = XCConfigurationList;
			buildConfigurations = (
				57BACF7A27B7FA5A009AE36D /* Debug */,
				57BACF7B27B7FA5A009AE36D /* Release */,
			);
			defaultConfigurationIsVisible = 0;
			defaultConfigurationName = Release;
		};
		57BACF7C27B7FA5A009AE36D /* Build configuration list for PBXNativeTarget "HelpyTests" */ = {
			isa = XCConfigurationList;
			buildConfigurations = (
				57BACF7D27B7FA5A009AE36D /* Debug */,
				57BACF7E27B7FA5A009AE36D /* Release */,
			);
			defaultConfigurationIsVisible = 0;
			defaultConfigurationName = Release;
		};
		57BACF7F27B7FA5A009AE36D /* Build configuration list for PBXNativeTarget "HelpyUITests" */ = {
			isa = XCConfigurationList;
			buildConfigurations = (
				57BACF8027B7FA5A009AE36D /* Debug */,
				57BACF8127B7FA5A009AE36D /* Release */,
			);
			defaultConfigurationIsVisible = 0;
			defaultConfigurationName = Release;
		};
/* End XCConfigurationList section */
	};
	rootObject = 57BACF4727B7FA58009AE36D /* Project object */;
}
